<?xml version="1.0" encoding="utf-8"?>
<Project ToolsVersion="4.0" xmlns="http://schemas.microsoft.com/developer/msbuild/2003">
  <ItemGroup>
    <ClCompile Include="CenterActor.cpp" />
    <ClCompile Include="CenterLevel.cpp" />
    <ClCompile Include="PocketMonCore.cpp" />
    <ClCompile Include="int2.cpp">
      <Filter>Base</Filter>
    </ClCompile>
    <ClCompile Include="Fieldmap.cpp">
      <Filter>Map\Class</Filter>
    </ClCompile>
    <ClCompile Include="FieldmapLevel.cpp">
      <Filter>Map\Level</Filter>
    </ClCompile>
    <ClCompile Include="FieldmapRender.cpp">
      <Filter>Map\Actor</Filter>
    </ClCompile>
    <ClCompile Include="PokeSkillBase.cpp">
      <Filter>Base</Filter>
    </ClCompile>
    <ClCompile Include="PokeDataBase.cpp">
      <Filter>Base</Filter>
    </ClCompile>
    <ClCompile Include="Player.cpp">
      <Filter>Player\Player</Filter>
    </ClCompile>
    <ClCompile Include="PlayerState.cpp">
      <Filter>Player\Player</Filter>
    </ClCompile>
    <ClCompile Include="PlayerTestLevel.cpp">
      <Filter>Player\PlayerTestLevel</Filter>
    </ClCompile>
    <ClCompile Include="ShopNpc.cpp">
      <Filter>Player\NPC</Filter>
    </ClCompile>
    <ClCompile Include="TextTestLevel.cpp">
      <Filter>BattleUI\TestLevel</Filter>
    </ClCompile>
    <ClCompile Include="BackTextActor.cpp">
      <Filter>BattleUI\Actor</Filter>
    </ClCompile>
    <ClCompile Include="FriendlyHPBackground.cpp">
      <Filter>BattleUI\Actor</Filter>
    </ClCompile>
    <ClCompile Include="TestScript.cpp">
      <Filter>BattleUI\Actor</Filter>
    </ClCompile>
    <ClCompile Include="FieldData.cpp">
      <Filter>Map\Class</Filter>
    </ClCompile>
    <ClCompile Include="BagLevel.cpp">
      <Filter>Item</Filter>
    </ClCompile>
    <ClCompile Include="PlayerBag.cpp">
      <Filter>Item</Filter>
    </ClCompile>
    <ClCompile Include="FieldDialog.cpp">
      <Filter>FieldUI\HSM</Filter>
    </ClCompile>
    <ClCompile Include="FieldmapCity.cpp">
      <Filter>Map\Actor</Filter>
    </ClCompile>
    <ClCompile Include="PokeBattleSystem.cpp">
      <Filter>Base</Filter>
    </ClCompile>
    <ClCompile Include="TextActor.cpp">
      <Filter>FieldUI</Filter>
    </ClCompile>
    <ClCompile Include="Battle_Select.cpp">
      <Filter>BattleUI\Actor</Filter>
    </ClCompile>
    <ClCompile Include="EnemyHPBackground.cpp">
      <Filter>BattleUI\Actor</Filter>
    </ClCompile>
    <ClCompile Include="HpBackGroundMove.cpp">
      <Filter>BattleUI\Actor</Filter>
    </ClCompile>
    <ClCompile Include="BattleCommendActor.cpp">
      <Filter>BattleUI\Actor</Filter>
    </ClCompile>
    <ClCompile Include="TileDebugRender.cpp">
      <Filter>Map\Actor</Filter>
    </ClCompile>
    <ClCompile Include="FieldMainMenu.cpp">
      <Filter>FieldUI\HSM</Filter>
    </ClCompile>
    <ClCompile Include="FieldmapDoubleDoor.cpp">
      <Filter>Map\Actor\Door</Filter>
    </ClCompile>
    <ClCompile Include="DoorActorBase.cpp">
      <Filter>Map\Actor\Door</Filter>
    </ClCompile>
    <ClCompile Include="FieldmapWoodDoor.cpp">
      <Filter>Map\Actor\Door</Filter>
    </ClCompile>
    <ClCompile Include="FieldmapSingleDoor.cpp">
      <Filter>Map\Actor\Door</Filter>
    </ClCompile>
    <ClCompile Include="FieldmapEmptyDoor.cpp">
      <Filter>Map\Actor\Door</Filter>
    </ClCompile>
    <ClCompile Include="PlayerLoad.cpp">
      <Filter>Player\Player</Filter>
    </ClCompile>
    <ClCompile Include="MoveMapFadeEffect.cpp">
      <Filter>FieldUI\HSM</Filter>
    </ClCompile>
    <ClCompile Include="BattleMonsterBase.cpp" />
    <ClCompile Include="BattleMonsterBase.cpp">
      <Filter>Battle\02.Actor\03.Monster\01.MonsterBase\01.Base</Filter>
    </ClCompile>
    <ClCompile Include="ShopMainMenu.cpp">
      <Filter>FieldUI\HSM\ShopUI</Filter>
    </ClCompile>
    <ClCompile Include="ShopUIManager.cpp">
      <Filter>FieldUI\HSM\ShopUI</Filter>
    </ClCompile>
    <ClCompile Include="FieldmapBattleZone.cpp">
      <Filter>Map\Actor\BattleZone</Filter>
    </ClCompile>
    <ClCompile Include="BuyLevel.cpp">
      <Filter>FieldUI\HSM\ShopUI</Filter>
    </ClCompile>
    <ClCompile Include="BuyWindow.cpp">
      <Filter>FieldUI\HSM\ShopUI</Filter>
    </ClCompile>
    <ClCompile Include="EndingPlayerAnimActor.cpp">
      <Filter>Ending\Actor</Filter>
    </ClCompile>
    <ClCompile Include="EndingPlayActor.cpp">
      <Filter>Ending\Actor</Filter>
    </ClCompile>
    <ClCompile Include="ItemDataBase.cpp">
      <Filter>Base</Filter>
    </ClCompile>
    <ClCompile Include="BattleMonsterBase.cpp">
      <Filter>Battle</Filter>
    </ClCompile>
    <ClCompile Include="BattleLevel.cpp">
      <Filter>Battle\01.Level</Filter>
    </ClCompile>
    <ClCompile Include="Battle_MonsterAppearEffect.cpp">
      <Filter>Battle\02.Actor\05.Effect\01.MonsterCreate</Filter>
    </ClCompile>
    <ClCompile Include="Battle_PlayerBallParticle.cpp">
      <Filter>Battle\02.Actor\05.Effect\02.CreateParticle</Filter>
    </ClCompile>
    <ClCompile Include="BattleEnemy.cpp">
      <Filter>Battle\02.Actor\02.Trainer\03.Enemy</Filter>
    </ClCompile>
    <ClCompile Include="BattleMonsterBase.cpp">
      <Filter>Battle\02.Actor\03.Monster\01.Base</Filter>
    </ClCompile>
    <ClCompile Include="BattlePlayer.cpp">
      <Filter>Battle\02.Actor\02.Trainer\02.Player</Filter>
    </ClCompile>
    <ClCompile Include="BattleMonsterSkillConverter.cpp">
      <Filter>Battle\02.Actor\03.Monster\01.Base</Filter>
    </ClCompile>
    <ClCompile Include="BattleTrainerBase.cpp">
      <Filter>Battle\02.Actor\02.Trainer\01.Base</Filter>
    </ClCompile>
    <ClCompile Include="BattleMonsterEnemy.cpp">
      <Filter>Battle\02.Actor\03.Monster\02.Enemy</Filter>
    </ClCompile>
    <ClCompile Include="BattleMonsterPlayer.cpp">
      <Filter>Battle\02.Actor\03.Monster\03.Player</Filter>
    </ClCompile>
    <ClCompile Include="BattleFSMBase.cpp">
      <Filter>Battle\03.FSM\01.Base\01.FSMBase</Filter>
    </ClCompile>
    <ClCompile Include="BattleBackGround.cpp">
      <Filter>Battle\02.Actor\01.BackGround</Filter>
    </ClCompile>
    <ClCompile Include="BattlePlayerFSM.cpp">
      <Filter>Battle\03.FSM\03.Player\01.FSM</Filter>
    </ClCompile>
    <ClCompile Include="BattleFSM.cpp">
      <Filter>Battle\03.FSM\02.Battle\01.FSM</Filter>
    </ClCompile>
    <ClCompile Include="BattleState_TalkBase.cpp">
      <Filter>Battle\03.FSM\02.Battle\02.State\01.Talk\01.Base</Filter>
    </ClCompile>
    <ClCompile Include="BattleState_WildTalk.cpp">
      <Filter>Battle\03.FSM\02.Battle\02.State\01.Talk\02.WildTalk</Filter>
    </ClCompile>
    <ClCompile Include="BattleState_PlayerTurn.cpp">
      <Filter>Battle\03.FSM\02.Battle\02.State\02.PlayerTurn</Filter>
    </ClCompile>
    <ClCompile Include="BattleState_EnemyTurn.cpp">
      <Filter>Battle\03.FSM\02.Battle\02.State\03.EnemyTurn</Filter>
    </ClCompile>
    <ClCompile Include="BattleState_ThrowMonsterBall.cpp">
      <Filter>Battle\03.FSM\02.Battle\02.State\04.ThrowBall</Filter>
    </ClCompile>
    <ClCompile Include="BattleMonsterBall.cpp">
      <Filter>Battle\02.Actor\04.MonsterBall</Filter>
    </ClCompile>
    <ClCompile Include="BattleMonsterBallFSM.cpp">
      <Filter>Battle\03.FSM\07.MonsterBall\01.FSM</Filter>
    </ClCompile>
    <ClCompile Include="BattleMonsterBall_ThrowBase.cpp">
      <Filter>Battle\03.FSM\07.MonsterBall\02.State\01.Throw\01.Base</Filter>
    </ClCompile>
    <ClCompile Include="BattleMonsterBall_ThrowToCreate.cpp">
      <Filter>Battle\03.FSM\07.MonsterBall\02.State\01.Throw\02.ToCreate</Filter>
    </ClCompile>
    <ClCompile Include="CountItemMenu.cpp">
      <Filter>FieldUI\HSM\ShopUI</Filter>
    </ClCompile>
    <ClCompile Include="LevelUpStatUI.cpp">
      <Filter>BattleUI\Actor</Filter>
    </ClCompile>
    <ClCompile Include="BattleEnemyFSM.cpp">
      <Filter>Battle\03.FSM\04.Enemy\01.FSM</Filter>
    </ClCompile>
    <ClCompile Include="BattleEnemy_MoveState.cpp">
      <Filter>Battle\03.FSM\04.Enemy\02.State\01.Move</Filter>
    </ClCompile>
    <ClCompile Include="BattleEnemyMonster_LockState.cpp">
      <Filter>Battle\03.FSM\06.EnemyMonster\02.State\02.Lock</Filter>
    </ClCompile>
    <ClCompile Include="BattleEnemyMonster_ShadowState.cpp">
      <Filter>Battle\03.FSM\06.EnemyMonster\02.State\01.Shadow</Filter>
    </ClCompile>
    <ClCompile Include="BattleEnemyMonsterFSM.cpp">
      <Filter>Battle\03.FSM\06.EnemyMonster\01.FSM</Filter>
    </ClCompile>
    <ClCompile Include="BattleMonsterBall_CatchState.cpp">
      <Filter>Battle\03.FSM\07.MonsterBall\02.State\03.CatchThrow</Filter>
    </ClCompile>
    <ClCompile Include="BattleMonsterBall_FadeState.cpp">
      <Filter>Battle\03.FSM\07.MonsterBall\02.State\04.Fade</Filter>
    </ClCompile>
    <ClCompile Include="BattleMonsterBall_HorizonShake.cpp">
      <Filter>Battle\03.FSM\07.MonsterBall\02.State\05.HorizonShake</Filter>
    </ClCompile>
    <ClCompile Include="BattleMonsterBall_OpenState.cpp">
      <Filter>Battle\03.FSM\07.MonsterBall\02.State\02.Open</Filter>
    </ClCompile>
    <ClCompile Include="BattleMonsterBall_ThrowToCatch.cpp">
      <Filter>Battle\03.FSM\07.MonsterBall\02.State\01.Throw\03.ToCatch</Filter>
    </ClCompile>
    <ClCompile Include="BattleMonsterBall_VerticalShake.cpp">
      <Filter>Battle\03.FSM\07.MonsterBall\02.State\06.VerticlaShake</Filter>
    </ClCompile>
    <ClCompile Include="BattlePlayer_MoveState.cpp">
      <Filter>Battle\03.FSM\03.Player\02.State\01.Move</Filter>
    </ClCompile>
    <ClCompile Include="BattlePlayer_ThrowState.cpp">
      <Filter>Battle\03.FSM\03.Player\02.State\02.Throw</Filter>
    </ClCompile>
    <ClCompile Include="BattleState_RivalTalk.cpp">
      <Filter>Battle\03.FSM\02.Battle\02.State\01.Talk\03.RivalTalk</Filter>
    </ClCompile>
    <ClCompile Include="BattleStateBase.cpp">
      <Filter>Battle\03.FSM\01.Base\02.StateBase\01.Base</Filter>
    </ClCompile>
    <ClCompile Include="BattleStateIdle.cpp">
      <Filter>Battle\03.FSM\08.Common\01.Idle</Filter>
    </ClCompile>
    <ClCompile Include="BattleState_SkillBase.cpp">
      <Filter>Battle\03.FSM\08.Common\02.SkillBase</Filter>
    </ClCompile>
    <ClCompile Include="BattleSkill_PlayerTackle.cpp">
      <Filter>Battle\03.FSM\05.PlayerMonster\02.State\02.Skill\02.Tackle</Filter>
    </ClCompile>
    <ClCompile Include="BattleState_CatchWhildMonster.cpp">
      <Filter>Battle\03.FSM\02.Battle\02.State\05.CatchWildMonster</Filter>
    </ClCompile>
    <ClCompile Include="BattleFadeCtrl.cpp">
      <Filter>Battle\02.Actor\05.Effect\03.FadeCtrl</Filter>
    </ClCompile>
    <ClCompile Include="BattlePlayerMonsterFSM.cpp">
      <Filter>Battle\03.FSM\05.PlayerMonster\01.FSM</Filter>
    </ClCompile>
    <ClCompile Include="BattleSkill_PlayerBase.cpp">
      <Filter>Battle\03.FSM\05.PlayerMonster\02.State\02.Skill\01.Base</Filter>
    </ClCompile>
    <ClCompile Include="BattlePlayerMonster_CreateState.cpp">
      <Filter>Battle\03.FSM\05.PlayerMonster\02.State\01.Create</Filter>
    </ClCompile>
    <ClCompile Include="BattleSkill_EnemyBase.cpp">
      <Filter>Battle\03.FSM\06.EnemyMonster\02.State\03.Skill\01.Base</Filter>
    </ClCompile>
    <ClCompile Include="BattleSkill_EnemyTackle.cpp">
      <Filter>Battle\03.FSM\06.EnemyMonster\02.State\03.Skill\02.Tackle</Filter>
    </ClCompile>
    <ClCompile Include="BattleState_PlayerSkillConvertor.cpp">
      <Filter>Battle\03.FSM\02.Battle\02.State\02.PlayerTurn</Filter>
    </ClCompile>
    <ClCompile Include="BattleLevel_FieldConvertor.cpp">
      <Filter>Battle\01.Level</Filter>
    </ClCompile>
    <ClCompile Include="Item.cpp" />
    <ClCompile Include="OpeningLevel.cpp">
      <Filter>Opening</Filter>
    </ClCompile>
    <ClCompile Include="EndingEndLogo.cpp">
      <Filter>Ending\Actor</Filter>
    </ClCompile>
    <ClCompile Include="EndingFade.cpp">
      <Filter>Ending\Actor</Filter>
    </ClCompile>
    <ClCompile Include="EndingPokeballBackground.cpp">
      <Filter>Ending\Actor</Filter>
    </ClCompile>
    <ClCompile Include="EndingPokemonRender.cpp">
      <Filter>Ending\Actor</Filter>
    </ClCompile>
    <ClCompile Include="EndingTextActor.cpp">
      <Filter>Ending\Actor</Filter>
    </ClCompile>
    <ClCompile Include="EndingLevel.cpp">
      <Filter>Ending\Level</Filter>
    </ClCompile>
    <ClCompile Include="InputControll.cpp">
      <Filter>Base</Filter>
    </ClCompile>
    <ClCompile Include="LevelUpStatUI_2.cpp">
      <Filter>BattleUI\Actor</Filter>
    </ClCompile>
    <ClCompile Include="Logo_Pokemon.cpp">
      <Filter>Opening\Actor</Filter>
    </ClCompile>
    <ClCompile Include="Logo_PressStart.cpp">
      <Filter>Opening\Actor</Filter>
    </ClCompile>
    <ClCompile Include="Logo_Back1.cpp">
      <Filter>Opening\Actor</Filter>
    </ClCompile>
    <ClCompile Include="Logo_Back2.cpp">
      <Filter>Opening\Actor</Filter>
    </ClCompile>
    <ClCompile Include="Logo_Backeffect.cpp">
      <Filter>Opening\Actor</Filter>
    </ClCompile>
    <ClCompile Include="Logo_Charizard.cpp">
      <Filter>Opening\Actor</Filter>
    </ClCompile>
    <ClCompile Include="Logo_Fireredversion.cpp">
      <Filter>Opening\Actor</Filter>
    </ClCompile>
    <ClCompile Include="Opening_Text.cpp">
      <Filter>Opening\Actor</Filter>
    </ClCompile>
    <ClCompile Include="BlackBox.cpp">
      <Filter>Opening\Actor</Filter>
    </ClCompile>
    <ClCompile Include="BattleZoneBushParticle.cpp">
      <Filter>Map\Actor\BattleZone</Filter>
    </ClCompile>
    <ClCompile Include="BattleState_EnemyHPCheck.cpp">
      <Filter>Battle\03.FSM\02.Battle\02.State\06.EnemyHPCheck</Filter>
    </ClCompile>
    <ClCompile Include="BattleState_PlayerHPCheck.cpp">
      <Filter>Battle\03.FSM\02.Battle\02.State\07.PlayerHPCheck</Filter>
    </ClCompile>
    <ClCompile Include="BattleState_StageWin.cpp">
      <Filter>Battle\03.FSM\02.Battle\02.State\08.StageWin</Filter>
    </ClCompile>
    <ClCompile Include="BattleState_MonsterDead.cpp">
      <Filter>Battle\03.FSM\08.Common\03.MonsterDead</Filter>
    </ClCompile>
    <ClCompile Include="BattleState_StageLose.cpp">
      <Filter>Battle\03.FSM\02.Battle\02.State\09.StageLose</Filter>
    </ClCompile>
    <ClCompile Include="BattleState_BattleLose.cpp">
      <Filter>Battle\03.FSM\02.Battle\02.State\11.BattleLose</Filter>
    </ClCompile>
    <ClCompile Include="BattleState_BattleWin.cpp">
      <Filter>Battle\03.FSM\02.Battle\02.State\10.BattleWin</Filter>
    </ClCompile>
    <ClCompile Include="BackGround.cpp" />
    <ClCompile Include="LevelChangeFade.cpp" />
    <ClCompile Include="BuyLevelDialog.cpp">
      <Filter>FieldUI\HSM\ShopUI</Filter>
    </ClCompile>
    <ClCompile Include="BuyUIManager.cpp">
      <Filter>FieldUI\HSM\ShopUI</Filter>
    </ClCompile>
    <ClCompile Include="BuyYesNoMenu.cpp">
      <Filter>FieldUI\HSM\ShopUI</Filter>
    </ClCompile>
    <ClCompile Include="BaseNPC.cpp">
      <Filter>Player\NPC</Filter>
    </ClCompile>
    <ClCompile Include="ContentConst.cpp">
      <Filter>Base</Filter>
    </ClCompile>
    <ClCompile Include="BaseNPC_State.cpp">
      <Filter>Player\NPC</Filter>
    </ClCompile>
    <ClCompile Include="PokemonScript.cpp">
      <Filter>Base</Filter>
    </ClCompile>
    <ClCompile Include="Logo_Charizard_White.cpp">
      <Filter>Opening\Actor</Filter>
    </ClCompile>
    <ClCompile Include="EffectBlackBox.cpp">
      <Filter>Opening\Actor</Filter>
    </ClCompile>
    <ClCompile Include="Logo_Back3.cpp">
      <Filter>Opening\Actor</Filter>
    </ClCompile>
    <ClCompile Include="Battle_PlayerHpUIHandler.cpp">
      <Filter>Battle\02.Actor\06.UIHandler\01.MonsterHpUI\02.PlayerHP</Filter>
    </ClCompile>
    <ClCompile Include="Battle_HpUIHandlerBase.cpp">
      <Filter>Battle\02.Actor\06.UIHandler\01.MonsterHpUI\01.Base</Filter>
    </ClCompile>
    <ClCompile Include="Battle_EnemyHpUIHandler.cpp">
      <Filter>Battle\02.Actor\06.UIHandler\01.MonsterHpUI\03.EnemyHP</Filter>
    </ClCompile>
    <ClCompile Include="BattleState_ItemUse.cpp">
      <Filter>Battle\03.FSM\02.Battle\02.State\12.ItemUse</Filter>
    </ClCompile>
    <ClCompile Include="BattleEnemy_CreateMonster.cpp">
      <Filter>Battle\03.FSM\04.Enemy\02.State\02.CreateMonster</Filter>
    </ClCompile>
    <ClCompile Include="BattleEnemyMonster_CreatedInBall.cpp">
      <Filter>Battle\03.FSM\06.EnemyMonster\02.State\04.CreatedInBall</Filter>
    </ClCompile>
    <ClCompile Include="Logo_Fireredversion_White.cpp">
      <Filter>Opening\Actor</Filter>
    </ClCompile>
    <ClCompile Include="Logo_Pokemon_White.cpp">
      <Filter>Opening\Actor</Filter>
    </ClCompile>
    <ClCompile Include="LevelChangeBlackBox.cpp">
      <Filter>Opening\Actor</Filter>
    </ClCompile>
    <ClCompile Include="BattleSkill_PlayerTest.cpp">
      <Filter>Battle\03.FSM\05.PlayerMonster\02.State\02.Skill\03.TestSkill</Filter>
    </ClCompile>
    <ClCompile Include="BattleSkill_EnemyTest.cpp">
      <Filter>Battle\03.FSM\06.EnemyMonster\02.State\03.Skill\03.TestSkill</Filter>
    </ClCompile>
    <ClCompile Include="BattleState_GymTalk.cpp">
      <Filter>Battle\03.FSM\02.Battle\02.State\01.Talk\04.GymTalk</Filter>
    </ClCompile>
    <ClCompile Include="PokemonLevel.cpp">
      <Filter>Pokemon\UI</Filter>
    </ClCompile>
    <ClCompile Include="PokemonUI.cpp">
      <Filter>Pokemon\UI</Filter>
    </ClCompile>
    <ClCompile Include="SummaryLevel.cpp">
      <Filter>Pokemon\UI</Filter>
    </ClCompile>
    <ClCompile Include="SummaryUI.cpp">
      <Filter>Pokemon\UI</Filter>
    </ClCompile>
    <ClCompile Include="PokemonHPBar.cpp">
      <Filter>Pokemon\UI</Filter>
    </ClCompile>
    <ClCompile Include="BattleDefine.cpp">
      <Filter>Battle\04.Defines</Filter>
    </ClCompile>
    <ClCompile Include="BackgroundUI.cpp">
      <Filter>Map\Actor\UI</Filter>
    </ClCompile>
    <ClCompile Include="FieldmapCutableTree.cpp">
      <Filter>Map\Actor\Object</Filter>
    </ClCompile>
    <ClCompile Include="FieldmapFlower.cpp">
      <Filter>Map\Actor\Object</Filter>
    </ClCompile>
    <ClCompile Include="CityNameUI.cpp">
      <Filter>Map\Actor\UI</Filter>
    </ClCompile>
    <ClCompile Include="StaticNPC.cpp">
      <Filter>Player\NPC\NormalNPC</Filter>
    </ClCompile>
    <ClCompile Include="TurnNPC.cpp">
      <Filter>Player\NPC\NormalNPC</Filter>
    </ClCompile>
    <ClCompile Include="OakNPC.cpp">
      <Filter>Player\NPC\EventNPC</Filter>
    </ClCompile>
    <ClCompile Include="MotherNPC.cpp">
      <Filter>Player\NPC\EventNPC</Filter>
    </ClCompile>
    <ClCompile Include="GreenNPC.cpp">
      <Filter>Player\NPC\EventNPC</Filter>
    </ClCompile>
    <ClCompile Include="PokemonCenterNPC.cpp">
      <Filter>Player\NPC\EventNPC</Filter>
    </ClCompile>
    <ClCompile Include="MarketNPC.cpp">
      <Filter>Player\NPC\EventNPC</Filter>
    </ClCompile>
    <ClCompile Include="PokemonCenterUI.cpp">
      <Filter>FieldUI\HSM</Filter>
    </ClCompile>
    <ClCompile Include="BattleSkill_PlayerGrowl.cpp">
      <Filter>Battle\03.FSM\05.PlayerMonster\02.State\02.Skill\02.Tackle</Filter>
    </ClCompile>
    <ClCompile Include="SkillActor_Growl.cpp">
      <Filter>Battle\02.Actor\05.Effect\04.SkillActor</Filter>
    </ClCompile>
    <ClCompile Include="TrainerPokemon.cpp">
      <Filter>Pokemon</Filter>
    </ClCompile>
    <ClCompile Include="BattleSkill_PlayerScratch.cpp">
      <Filter>Battle\03.FSM\05.PlayerMonster\02.State\02.Skill\04.Scratch</Filter>
    </ClCompile>
    <ClCompile Include="BattleSkill_EnemyScratch.cpp">
      <Filter>Battle\03.FSM\06.EnemyMonster\02.State\03.Skill\04.Scratch</Filter>
    </ClCompile>
    <ClCompile Include="BattleState_ChangeMonster.cpp">
      <Filter>Battle\03.FSM\02.Battle\02.State\13.ChangeMonster</Filter>
    </ClCompile>
    <ClCompile Include="BattleSkill_EnemyGrowl.cpp">
      <Filter>Battle\03.FSM\06.EnemyMonster\02.State\03.Skill\02.Tackle</Filter>
    </ClCompile>
    <ClCompile Include="BattleSkill_PlayerLeer.cpp">
      <Filter>Battle\03.FSM\05.PlayerMonster\02.State\02.Skill\02.Tackle</Filter>
    </ClCompile>
    <ClCompile Include="BattleSkill_PlayerEarthquake.cpp">
      <Filter>Battle\03.FSM\05.PlayerMonster\02.State\02.Skill\02.Tackle</Filter>
    </ClCompile>
    <ClCompile Include="BattleSkill_PlayerTailWhip.cpp">
      <Filter>Battle\03.FSM\05.PlayerMonster\02.State\02.Skill\02.Tackle</Filter>
    </ClCompile>
    <ClCompile Include="SkillActor_Leer.cpp">
      <Filter>Battle\02.Actor\05.Effect\04.SkillActor</Filter>
    </ClCompile>
    <ClCompile Include="BattleSkill_PlayerTempl.cpp">
      <Filter>Battle\03.FSM\05.PlayerMonster\02.State\02.Skill\03.TestSkill</Filter>
    </ClCompile>
    <ClCompile Include="BattleSkill_EnemyLeer.cpp">
      <Filter>Battle\03.FSM\06.EnemyMonster\02.State\03.Skill\02.Tackle</Filter>
    </ClCompile>
    <ClCompile Include="BattleSkill_EnemyTailWhip.cpp">
      <Filter>Battle\03.FSM\06.EnemyMonster\02.State\03.Skill\02.Tackle</Filter>
    </ClCompile>
    <ClCompile Include="BattleSkill_EnemyTailWhip.cpp">
      <Filter>Battle\03.FSM\06.EnemyMonster\02.State\03.Skill\02.Tackle</Filter>
    </ClCompile>
    <ClCompile Include="BattleSkill_PlayerFeatherDance.cpp">
      <Filter>Battle\03.FSM\05.PlayerMonster\02.State\02.Skill\04.Scratch</Filter>
    </ClCompile>
    <ClCompile Include="BattleSkill_EnemyFeatherDance.cpp">
      <Filter>Battle\03.FSM\06.EnemyMonster\02.State\03.Skill\04.Scratch</Filter>
    </ClCompile>
    <ClCompile Include="BattleSkill_PlayerEmber.cpp">
      <Filter>Battle\03.FSM\05.PlayerMonster\02.State\02.Skill\04.Scratch</Filter>
    </ClCompile>
    <ClCompile Include="SelectStartingUI.cpp" />
    <ClCompile Include="TrainerCardLevel.cpp" />
    <ClCompile Include="TrainerCardUI.cpp" />
    <ClCompile Include="BattleSkill_EnemyEarthquake.cpp">
      <Filter>Battle\03.FSM\06.EnemyMonster\02.State\03.Skill\02.Tackle</Filter>
    </ClCompile>
    <ClCompile Include="SelectStartingUI.cpp" />
    <ClCompile Include="TrainerCardLevel.cpp" />
    <ClCompile Include="TrainerCardUI.cpp" />
    <ClCompile Include="StartingPokeball.cpp">
      <Filter>Map\Actor\Object</Filter>
    </ClCompile>
    <ClCompile Include="StopOakNPC.cpp">
      <Filter>Player\NPC\EventNPC</Filter>
    </ClCompile>
    <ClCompile Include="BattleSkill_EnemyEmber.cpp">
      <Filter>Battle\03.FSM\06.EnemyMonster\02.State\03.Skill\04.Scratch</Filter>
    </ClCompile>
    <ClCompile Include="BattleSkill_PlayerBubble.cpp">
      <Filter>Battle\03.FSM\05.PlayerMonster\02.State\02.Skill\02.Tackle</Filter>
    </ClCompile>
    <ClCompile Include="BattleSkill_PlayerRazorLeaf.cpp">
      <Filter>Battle\03.FSM\05.PlayerMonster\02.State\02.Skill\02.Tackle</Filter>
    </ClCompile>
    <ClCompile Include="BattleSkill_PlayerVineWhip.cpp">
      <Filter>Battle\03.FSM\05.PlayerMonster\02.State\02.Skill\02.Tackle</Filter>
    </ClCompile>
    <ClCompile Include="BattleSkill_PlayerWaterGun.cpp">
      <Filter>Battle\03.FSM\05.PlayerMonster\02.State\02.Skill\02.Tackle</Filter>
    </ClCompile>
    <ClCompile Include="SkillActor_Bubble.cpp">
      <Filter>Battle\02.Actor\05.Effect\04.SkillActor</Filter>
    </ClCompile>
    <ClCompile Include="SkillActor_RazorLeaf.cpp">
      <Filter>Battle\02.Actor\05.Effect\04.SkillActor</Filter>
    </ClCompile>
    <ClCompile Include="SkillActor_VineWhip.cpp">
      <Filter>Battle\02.Actor\05.Effect\04.SkillActor</Filter>
    </ClCompile>
    <ClCompile Include="SkillActor_WaterGun.cpp">
      <Filter>Battle\02.Actor\05.Effect\04.SkillActor</Filter>
    </ClCompile>
    <ClCompile Include="LeafNPC.cpp">
      <Filter>Player\NPC\EventNPC</Filter>
    </ClCompile>
    <ClCompile Include="JumpEffect.cpp">
      <Filter>Player\Player</Filter>
    </ClCompile>
    <ClCompile Include="BattleSkill_PlayerQuickAttack.cpp">
      <Filter>Battle\03.FSM\05.PlayerMonster\02.State\02.Skill\02.Tackle</Filter>
    </ClCompile>
    <ClCompile Include="BattleSkill_PlayerGust.cpp">
      <Filter>Battle\03.FSM\05.PlayerMonster\02.State\02.Skill\02.Tackle</Filter>
    </ClCompile>
    <ClCompile Include="BattleSkill_PlayerAirSlash.cpp">
      <Filter>Battle\03.FSM\05.PlayerMonster\02.State\02.Skill\02.Tackle</Filter>
    </ClCompile>
    <ClCompile Include="BattleSkill_PlayerHyperFang.cpp">
      <Filter>Battle\03.FSM\05.PlayerMonster\02.State\02.Skill\02.Tackle</Filter>
    </ClCompile>
    <ClCompile Include="BattleSkill_PlayerBite.cpp">
      <Filter>Battle\03.FSM\05.PlayerMonster\02.State\02.Skill\02.Tackle</Filter>
    </ClCompile>
    <ClCompile Include="BattleSkill_PlayerDoubleEdge.cpp">
      <Filter>Battle\03.FSM\05.PlayerMonster\02.State\02.Skill\02.Tackle</Filter>
    </ClCompile>
    <ClCompile Include="BattleSkill_PlayerDragonBreath.cpp">
      <Filter>Battle\03.FSM\05.PlayerMonster\02.State\02.Skill\02.Tackle</Filter>
    </ClCompile>
    <ClCompile Include="BattleSkill_PlayerThunderbolt.cpp">
      <Filter>Battle\03.FSM\05.PlayerMonster\02.State\02.Skill\02.Tackle</Filter>
    </ClCompile>
    <ClCompile Include="BattleSkill_PlayerThunder.cpp">
      <Filter>Battle\03.FSM\05.PlayerMonster\02.State\02.Skill\02.Tackle</Filter>
    </ClCompile>
    <ClCompile Include="SkillActor_AirSlash.cpp">
      <Filter>Battle\02.Actor\05.Effect\04.SkillActor</Filter>
    </ClCompile>
    <ClCompile Include="SkillActor_Bite.cpp">
      <Filter>Battle\02.Actor\05.Effect\04.SkillActor</Filter>
    </ClCompile>
    <ClCompile Include="SkillActor_DragonBrath.cpp">
      <Filter>Battle\02.Actor\05.Effect\04.SkillActor</Filter>
    </ClCompile>
    <ClCompile Include="SkillActor_Gust.cpp">
      <Filter>Battle\02.Actor\05.Effect\04.SkillActor</Filter>
    </ClCompile>
    <ClCompile Include="SkillActor_Thunder.cpp">
      <Filter>Battle\02.Actor\05.Effect\04.SkillActor</Filter>
    </ClCompile>
    <ClCompile Include="SkillActor_Thunderbolt.cpp">
      <Filter>Battle\02.Actor\05.Effect\04.SkillActor</Filter>
    </ClCompile>
    <ClCompile Include="BattleSkill_EnemyGust.cpp">
      <Filter>Battle\03.FSM\06.EnemyMonster\02.State\03.Skill\02.Tackle</Filter>
    </ClCompile>
    <ClCompile Include="BattleSkill_EnemyQuickAttack.cpp">
      <Filter>Battle\03.FSM\06.EnemyMonster\02.State\03.Skill\02.Tackle</Filter>
    </ClCompile>
    <ClCompile Include="SkillActor_BlackBox.cpp">
      <Filter>Battle\02.Actor\05.Effect\04.SkillActor</Filter>
    </ClCompile>
  </ItemGroup>
  <ItemGroup>
    <ClInclude Include="CenterActor.h" />
    <ClInclude Include="CenterLevel.h" />
    <ClInclude Include="PocketMonCore.h" />
    <ClInclude Include="int2.h">
      <Filter>Base</Filter>
    </ClInclude>
    <ClInclude Include="Fieldmap.h">
      <Filter>Map\Class</Filter>
    </ClInclude>
    <ClInclude Include="FieldmapLevel.h">
      <Filter>Map\Level</Filter>
    </ClInclude>
    <ClInclude Include="FieldmapRender.h">
      <Filter>Map\Actor</Filter>
    </ClInclude>
    <ClInclude Include="PokeSkillBase.h">
      <Filter>Base</Filter>
    </ClInclude>
    <ClInclude Include="PokeDataBase.h">
      <Filter>Base</Filter>
    </ClInclude>
    <ClInclude Include="Player.h">
      <Filter>Player\Player</Filter>
    </ClInclude>
    <ClInclude Include="PlayerTestLevel.h">
      <Filter>Player\PlayerTestLevel</Filter>
    </ClInclude>
    <ClInclude Include="ShopNpc.h">
      <Filter>Player\NPC</Filter>
    </ClInclude>
    <ClInclude Include="TextTestLevel.h">
      <Filter>BattleUI\TestLevel</Filter>
    </ClInclude>
    <ClInclude Include="BackTextActor.h">
      <Filter>BattleUI\Actor</Filter>
    </ClInclude>
    <ClInclude Include="FriendlyHPBackground.h">
      <Filter>BattleUI\Actor</Filter>
    </ClInclude>
    <ClInclude Include="TestScript.h">
      <Filter>BattleUI\Actor</Filter>
    </ClInclude>
    <ClInclude Include="FieldData.h">
      <Filter>Map\Class</Filter>
    </ClInclude>
    <ClInclude Include="BagLevel.h">
      <Filter>Item</Filter>
    </ClInclude>
    <ClInclude Include="PlayerBag.h">
      <Filter>Item</Filter>
    </ClInclude>
    <ClInclude Include="FieldDialog.h">
      <Filter>FieldUI\HSM</Filter>
    </ClInclude>
    <ClInclude Include="FieldmapCity.h">
      <Filter>Map\Actor</Filter>
    </ClInclude>
    <ClInclude Include="PokeBattleSystem.h">
      <Filter>Base</Filter>
    </ClInclude>
    <ClInclude Include="TextActor.h">
      <Filter>FieldUI</Filter>
    </ClInclude>
    <ClInclude Include="Battle_Select.h">
      <Filter>BattleUI\Actor</Filter>
    </ClInclude>
    <ClInclude Include="EnemyHPBackground.h">
      <Filter>BattleUI\Actor</Filter>
    </ClInclude>
    <ClInclude Include="HpBackGroundMove.h">
      <Filter>BattleUI\Actor</Filter>
    </ClInclude>
    <ClInclude Include="BattleCommendActor.h">
      <Filter>BattleUI\Actor</Filter>
    </ClInclude>
    <ClInclude Include="TileDebugRender.h">
      <Filter>Map\Actor</Filter>
    </ClInclude>
    <ClInclude Include="FieldMainMenu.h">
      <Filter>FieldUI\HSM</Filter>
    </ClInclude>
    <ClInclude Include="FieldmapDoubleDoor.h">
      <Filter>Map\Actor\Door</Filter>
    </ClInclude>
    <ClInclude Include="DoorActorBase.h">
      <Filter>Map\Actor\Door</Filter>
    </ClInclude>
    <ClInclude Include="FieldmapWoodDoor.h">
      <Filter>Map\Actor\Door</Filter>
    </ClInclude>
    <ClInclude Include="FieldmapSingleDoor.h">
      <Filter>Map\Actor\Door</Filter>
    </ClInclude>
    <ClInclude Include="FieldmapEmptyDoor.h">
      <Filter>Map\Actor\Door</Filter>
    </ClInclude>
    <ClInclude Include="MoveMapFadeEffect.h">
      <Filter>FieldUI\HSM</Filter>
    </ClInclude>
    <ClInclude Include="BattleMonsterBase.h" />
    <ClInclude Include="BattleMonsterBase.h">
      <Filter>Battle\02.Actor\03.Monster\01.MonsterBase\01.Base</Filter>
    </ClInclude>
    <ClInclude Include="ShopUIManager.h">
      <Filter>FieldUI\HSM\ShopUI</Filter>
    </ClInclude>
    <ClInclude Include="ShopMainMenu.h">
      <Filter>FieldUI\HSM\ShopUI</Filter>
    </ClInclude>
    <ClInclude Include="FieldmapBattleZone.h">
      <Filter>Map\Actor\BattleZone</Filter>
    </ClInclude>
    <ClInclude Include="BuyLevel.h">
      <Filter>FieldUI\HSM\ShopUI</Filter>
    </ClInclude>
    <ClInclude Include="BuyWindow.h">
      <Filter>FieldUI\HSM\ShopUI</Filter>
    </ClInclude>
    <ClInclude Include="Item.h">
      <Filter>Item</Filter>
    </ClInclude>
    <ClInclude Include="EndingPlayerAnimActor.h">
      <Filter>Ending\Actor</Filter>
    </ClInclude>
    <ClInclude Include="EndingPlayActor.h">
      <Filter>Ending\Actor</Filter>
    </ClInclude>
    <ClInclude Include="ItemDataBase.h">
      <Filter>Base</Filter>
    </ClInclude>
    <ClInclude Include="BattleMonsterBase.h">
      <Filter>Battle</Filter>
    </ClInclude>
    <ClInclude Include="BattleLevel.h">
      <Filter>Battle\01.Level</Filter>
    </ClInclude>
    <ClInclude Include="Battle_MonsterAppearEffect.h">
      <Filter>Battle\02.Actor\05.Effect\01.MonsterCreate</Filter>
    </ClInclude>
    <ClInclude Include="Battle_PlayerBallParticle.h">
      <Filter>Battle\02.Actor\05.Effect\02.CreateParticle</Filter>
    </ClInclude>
    <ClInclude Include="BattleEnemy.h">
      <Filter>Battle\02.Actor\02.Trainer\03.Enemy</Filter>
    </ClInclude>
    <ClInclude Include="BattleMonsterBase.h">
      <Filter>Battle\02.Actor\03.Monster\01.Base</Filter>
    </ClInclude>
    <ClInclude Include="BattlePlayer.h">
      <Filter>Battle\02.Actor\02.Trainer\02.Player</Filter>
    </ClInclude>
    <ClInclude Include="BattleTrainerBase.h">
      <Filter>Battle\02.Actor\02.Trainer\01.Base</Filter>
    </ClInclude>
    <ClInclude Include="BattleMonsterEnemy.h">
      <Filter>Battle\02.Actor\03.Monster\02.Enemy</Filter>
    </ClInclude>
    <ClInclude Include="BattleMonsterPlayer.h">
      <Filter>Battle\02.Actor\03.Monster\03.Player</Filter>
    </ClInclude>
    <ClInclude Include="BattleFSMBase.h">
      <Filter>Battle\03.FSM\01.Base\01.FSMBase</Filter>
    </ClInclude>
    <ClInclude Include="BattleBackGround.h">
      <Filter>Battle\02.Actor\01.BackGround</Filter>
    </ClInclude>
    <ClInclude Include="BattlePlayerFSM.h">
      <Filter>Battle\03.FSM\03.Player\01.FSM</Filter>
    </ClInclude>
    <ClInclude Include="BattleFSM.h">
      <Filter>Battle\03.FSM\02.Battle\01.FSM</Filter>
    </ClInclude>
    <ClInclude Include="BattleState_TalkBase.h">
      <Filter>Battle\03.FSM\02.Battle\02.State\01.Talk\01.Base</Filter>
    </ClInclude>
    <ClInclude Include="BattleState_WildTalk.h">
      <Filter>Battle\03.FSM\02.Battle\02.State\01.Talk\02.WildTalk</Filter>
    </ClInclude>
    <ClInclude Include="BattleState_PlayerTurn.h">
      <Filter>Battle\03.FSM\02.Battle\02.State\02.PlayerTurn</Filter>
    </ClInclude>
    <ClInclude Include="BattleState_EnemyTurn.h">
      <Filter>Battle\03.FSM\02.Battle\02.State\03.EnemyTurn</Filter>
    </ClInclude>
    <ClInclude Include="BattleState_ThrowMonsterBall.h">
      <Filter>Battle\03.FSM\02.Battle\02.State\04.ThrowBall</Filter>
    </ClInclude>
    <ClInclude Include="BattleMonsterBall.h">
      <Filter>Battle\02.Actor\04.MonsterBall</Filter>
    </ClInclude>
    <ClInclude Include="BattleMonsterBallFSM.h">
      <Filter>Battle\03.FSM\07.MonsterBall\01.FSM</Filter>
    </ClInclude>
    <ClInclude Include="BattleMonsterBall_ThrowBase.h">
      <Filter>Battle\03.FSM\07.MonsterBall\02.State\01.Throw\01.Base</Filter>
    </ClInclude>
    <ClInclude Include="BattleMonsterBall_ThrowToCreate.h">
      <Filter>Battle\03.FSM\07.MonsterBall\02.State\01.Throw\02.ToCreate</Filter>
    </ClInclude>
    <ClInclude Include="CountItemMenu.h">
      <Filter>FieldUI\HSM\ShopUI</Filter>
    </ClInclude>
    <ClInclude Include="LevelUpStatUI.h">
      <Filter>BattleUI\Actor</Filter>
    </ClInclude>
    <ClInclude Include="BattleEnemyFSM.h">
      <Filter>Battle\03.FSM\04.Enemy\01.FSM</Filter>
    </ClInclude>
    <ClInclude Include="BattleEnemy_MoveState.h">
      <Filter>Battle\03.FSM\04.Enemy\02.State\01.Move</Filter>
    </ClInclude>
    <ClInclude Include="BattleEnemyMonster_LockState.h">
      <Filter>Battle\03.FSM\06.EnemyMonster\02.State\02.Lock</Filter>
    </ClInclude>
    <ClInclude Include="BattleEnemyMonster_ShadowState.h">
      <Filter>Battle\03.FSM\06.EnemyMonster\02.State\01.Shadow</Filter>
    </ClInclude>
    <ClInclude Include="BattleEnemyMonsterFSM.h">
      <Filter>Battle\03.FSM\06.EnemyMonster\01.FSM</Filter>
    </ClInclude>
    <ClInclude Include="BattleMonsterBall_CatchState.h">
      <Filter>Battle\03.FSM\07.MonsterBall\02.State\03.CatchThrow</Filter>
    </ClInclude>
    <ClInclude Include="BattleMonsterBall_FadeState.h">
      <Filter>Battle\03.FSM\07.MonsterBall\02.State\04.Fade</Filter>
    </ClInclude>
    <ClInclude Include="BattleMonsterBall_HorizonShake.h">
      <Filter>Battle\03.FSM\07.MonsterBall\02.State\05.HorizonShake</Filter>
    </ClInclude>
    <ClInclude Include="BattleMonsterBall_OpenState.h">
      <Filter>Battle\03.FSM\07.MonsterBall\02.State\02.Open</Filter>
    </ClInclude>
    <ClInclude Include="BattleMonsterBall_ThrowToCatch.h">
      <Filter>Battle\03.FSM\07.MonsterBall\02.State\01.Throw\03.ToCatch</Filter>
    </ClInclude>
    <ClInclude Include="BattleMonsterBall_VerticalShake.h">
      <Filter>Battle\03.FSM\07.MonsterBall\02.State\06.VerticlaShake</Filter>
    </ClInclude>
    <ClInclude Include="BattlePlayer_MoveState.h">
      <Filter>Battle\03.FSM\03.Player\02.State\01.Move</Filter>
    </ClInclude>
    <ClInclude Include="BattlePlayer_ThrowState.h">
      <Filter>Battle\03.FSM\03.Player\02.State\02.Throw</Filter>
    </ClInclude>
    <ClInclude Include="BattleState_RivalTalk.h">
      <Filter>Battle\03.FSM\02.Battle\02.State\01.Talk\03.RivalTalk</Filter>
    </ClInclude>
    <ClInclude Include="BattleStateBase.h">
      <Filter>Battle\03.FSM\01.Base\02.StateBase\01.Base</Filter>
    </ClInclude>
    <ClInclude Include="BattleStateIdle.h">
      <Filter>Battle\03.FSM\08.Common\01.Idle</Filter>
    </ClInclude>
    <ClInclude Include="BattleState_SkillBase.h">
      <Filter>Battle\03.FSM\08.Common\02.SkillBase</Filter>
    </ClInclude>
    <ClInclude Include="BattleSkill_PlayerTackle.h">
      <Filter>Battle\03.FSM\05.PlayerMonster\02.State\02.Skill\02.Tackle</Filter>
    </ClInclude>
    <ClInclude Include="BattleState_CatchWhildMonster.h">
      <Filter>Battle\03.FSM\02.Battle\02.State\05.CatchWildMonster</Filter>
    </ClInclude>
    <ClInclude Include="BattleFadeCtrl.h">
      <Filter>Battle\02.Actor\05.Effect\03.FadeCtrl</Filter>
    </ClInclude>
    <ClInclude Include="BattlePlayerMonsterFSM.h">
      <Filter>Battle\03.FSM\05.PlayerMonster\01.FSM</Filter>
    </ClInclude>
    <ClInclude Include="BattleSkill_PlayerBase.h">
      <Filter>Battle\03.FSM\05.PlayerMonster\02.State\02.Skill\01.Base</Filter>
    </ClInclude>
    <ClInclude Include="BattlePlayerMonster_CreateState.h">
      <Filter>Battle\03.FSM\05.PlayerMonster\02.State\01.Create</Filter>
    </ClInclude>
    <ClInclude Include="BattleSkill_EnemyBase.h">
      <Filter>Battle\03.FSM\06.EnemyMonster\02.State\03.Skill\01.Base</Filter>
    </ClInclude>
    <ClInclude Include="BattleSkill_EnemyTackle.h">
      <Filter>Battle\03.FSM\06.EnemyMonster\02.State\03.Skill\02.Tackle</Filter>
    </ClInclude>
    <ClInclude Include="OpeningLevel.h">
      <Filter>Opening</Filter>
    </ClInclude>
    <ClInclude Include="EndingEndLogo.h">
      <Filter>Ending\Actor</Filter>
    </ClInclude>
    <ClInclude Include="EndingFade.h">
      <Filter>Ending\Actor</Filter>
    </ClInclude>
    <ClInclude Include="EndingPokeballBackground.h">
      <Filter>Ending\Actor</Filter>
    </ClInclude>
    <ClInclude Include="EndingPokemonRender.h">
      <Filter>Ending\Actor</Filter>
    </ClInclude>
    <ClInclude Include="EndingTextActor.h">
      <Filter>Ending\Actor</Filter>
    </ClInclude>
    <ClInclude Include="EndingLevel.h">
      <Filter>Ending\Level</Filter>
    </ClInclude>
    <ClInclude Include="InputControll.h">
      <Filter>Base</Filter>
    </ClInclude>
    <ClInclude Include="LevelUpStatUI_2.h">
      <Filter>BattleUI\Actor</Filter>
    </ClInclude>
    <ClInclude Include="Logo_Pokemon.h">
      <Filter>Opening\Actor</Filter>
    </ClInclude>
    <ClInclude Include="Logo_PressStart.h">
      <Filter>Opening\Actor</Filter>
    </ClInclude>
    <ClInclude Include="Logo_Back1.h">
      <Filter>Opening\Actor</Filter>
    </ClInclude>
    <ClInclude Include="Logo_Back2.h">
      <Filter>Opening\Actor</Filter>
    </ClInclude>
    <ClInclude Include="Logo_Backeffect.h">
      <Filter>Opening\Actor</Filter>
    </ClInclude>
    <ClInclude Include="Logo_Charizard.h">
      <Filter>Opening\Actor</Filter>
    </ClInclude>
    <ClInclude Include="Logo_Fireredversion.h">
      <Filter>Opening\Actor</Filter>
    </ClInclude>
    <ClInclude Include="Opening_Text.h">
      <Filter>Opening\Actor</Filter>
    </ClInclude>
    <ClInclude Include="BlackBox.h">
      <Filter>Opening\Actor</Filter>
    </ClInclude>
    <ClInclude Include="BattleZoneBushParticle.h">
      <Filter>Map\Actor\BattleZone</Filter>
    </ClInclude>
    <ClInclude Include="BattleState_EnemyHPCheck.h">
      <Filter>Battle\03.FSM\02.Battle\02.State\06.EnemyHPCheck</Filter>
    </ClInclude>
    <ClInclude Include="BattleState_PlayerHPCheck.h">
      <Filter>Battle\03.FSM\02.Battle\02.State\07.PlayerHPCheck</Filter>
    </ClInclude>
    <ClInclude Include="BattleState_StageWin.h">
      <Filter>Battle\03.FSM\02.Battle\02.State\08.StageWin</Filter>
    </ClInclude>
    <ClInclude Include="BattleState_MonsterDead.h">
      <Filter>Battle\03.FSM\08.Common\03.MonsterDead</Filter>
    </ClInclude>
    <ClInclude Include="BattleState_StageLose.h">
      <Filter>Battle\03.FSM\02.Battle\02.State\09.StageLose</Filter>
    </ClInclude>
    <ClInclude Include="BattleState_BattleLose.h">
      <Filter>Battle\03.FSM\02.Battle\02.State\11.BattleLose</Filter>
    </ClInclude>
    <ClInclude Include="BattleState_BattleWin.h">
      <Filter>Battle\03.FSM\02.Battle\02.State\10.BattleWin</Filter>
    </ClInclude>
    <ClInclude Include="BackGround.h" />
    <ClInclude Include="LevelChangeFade.h" />
    <ClInclude Include="BuyLevelDialog.h">
      <Filter>FieldUI\HSM\ShopUI</Filter>
    </ClInclude>
    <ClInclude Include="BuyUIManager.h">
      <Filter>FieldUI\HSM\ShopUI</Filter>
    </ClInclude>
    <ClInclude Include="BuyYesNoMenu.h">
      <Filter>FieldUI\HSM\ShopUI</Filter>
    </ClInclude>
    <ClInclude Include="BaseNPC.h">
      <Filter>Player\NPC</Filter>
    </ClInclude>
    <ClInclude Include="ContentConst.h">
      <Filter>Base</Filter>
    </ClInclude>
    <ClInclude Include="PokemonScript.h">
      <Filter>Base</Filter>
    </ClInclude>
    <ClInclude Include="Logo_Charizard_White.h">
      <Filter>Opening\Actor</Filter>
    </ClInclude>
    <ClInclude Include="EffectBlackBox.h">
      <Filter>Opening\Actor</Filter>
    </ClInclude>
    <ClInclude Include="Logo_Back3.h">
      <Filter>Opening\Actor</Filter>
    </ClInclude>
    <ClInclude Include="Battle_HpUIHandlerBase.h">
      <Filter>Battle\02.Actor\06.UIHandler\01.MonsterHpUI\01.Base</Filter>
    </ClInclude>
    <ClInclude Include="Battle_EnemyHpUIHandler.h">
      <Filter>Battle\02.Actor\06.UIHandler\01.MonsterHpUI\03.EnemyHP</Filter>
    </ClInclude>
    <ClInclude Include="Battle_PlayerHpUIHandler.h">
      <Filter>Battle\02.Actor\06.UIHandler\01.MonsterHpUI\02.PlayerHP</Filter>
    </ClInclude>
    <ClInclude Include="BattleState_ItemUse.h">
      <Filter>Battle\03.FSM\02.Battle\02.State\12.ItemUse</Filter>
    </ClInclude>
    <ClInclude Include="BattleEnemy_CreateMonster.h">
      <Filter>Battle\03.FSM\04.Enemy\02.State\02.CreateMonster</Filter>
    </ClInclude>
    <ClInclude Include="BattleEnemyMonster_CreatedInBall.h">
      <Filter>Battle\03.FSM\06.EnemyMonster\02.State\04.CreatedInBall</Filter>
    </ClInclude>
    <ClInclude Include="Logo_Fireredversion_White.h">
      <Filter>Opening\Actor</Filter>
    </ClInclude>
    <ClInclude Include="Logo_Pokemon_White.h">
      <Filter>Opening\Actor</Filter>
    </ClInclude>
    <ClInclude Include="LevelChangeBlackBox.h">
      <Filter>Opening\Actor</Filter>
    </ClInclude>
    <ClInclude Include="BattleSkill_PlayerTest.h">
      <Filter>Battle\03.FSM\05.PlayerMonster\02.State\02.Skill\03.TestSkill</Filter>
    </ClInclude>
    <ClInclude Include="BattleSkill_EnemyTest.h">
      <Filter>Battle\03.FSM\06.EnemyMonster\02.State\03.Skill\03.TestSkill</Filter>
    </ClInclude>
    <ClInclude Include="BattleState_GymTalk.h">
      <Filter>Battle\03.FSM\02.Battle\02.State\01.Talk\04.GymTalk</Filter>
    </ClInclude>
    <ClInclude Include="PokemonLevel.h">
      <Filter>Pokemon\UI</Filter>
    </ClInclude>
    <ClInclude Include="PokemonUI.h">
      <Filter>Pokemon\UI</Filter>
    </ClInclude>
    <ClInclude Include="SummaryLevel.h">
      <Filter>Pokemon\UI</Filter>
    </ClInclude>
    <ClInclude Include="SummaryUI.h">
      <Filter>Pokemon\UI</Filter>
    </ClInclude>
    <ClInclude Include="PokemonHPBar.h">
      <Filter>Pokemon\UI</Filter>
    </ClInclude>
    <ClInclude Include="BattleDefine.h">
      <Filter>Battle\04.Defines</Filter>
    </ClInclude>
    <ClInclude Include="BackgroundUI.h">
      <Filter>Map\Actor\UI</Filter>
    </ClInclude>
    <ClInclude Include="FieldmapCutableTree.h">
      <Filter>Map\Actor\Object</Filter>
    </ClInclude>
    <ClInclude Include="FieldmapFlower.h">
      <Filter>Map\Actor\Object</Filter>
    </ClInclude>
    <ClInclude Include="CityNameUI.h">
      <Filter>Map\Actor\UI</Filter>
    </ClInclude>
    <ClInclude Include="StaticNPC.h">
      <Filter>Player\NPC\NormalNPC</Filter>
    </ClInclude>
    <ClInclude Include="TurnNPC.h">
      <Filter>Player\NPC\NormalNPC</Filter>
    </ClInclude>
    <ClInclude Include="ContentsEnum.h">
      <Filter>Base</Filter>
    </ClInclude>
    <ClInclude Include="OakNPC.h">
      <Filter>Player\NPC\EventNPC</Filter>
    </ClInclude>
    <ClInclude Include="MotherNPC.h">
      <Filter>Player\NPC\EventNPC</Filter>
    </ClInclude>
    <ClInclude Include="GreenNPC.h">
      <Filter>Player\NPC\EventNPC</Filter>
    </ClInclude>
    <ClInclude Include="PokemonCenterNPC.h">
      <Filter>Player\NPC\EventNPC</Filter>
    </ClInclude>
    <ClInclude Include="MarketNPC.h">
      <Filter>Player\NPC\EventNPC</Filter>
    </ClInclude>
    <ClInclude Include="PokemonCenterUI.h">
      <Filter>FieldUI\HSM</Filter>
    </ClInclude>
    <ClInclude Include="BattleSkill_PlayerGrowl.h">
      <Filter>Battle\03.FSM\05.PlayerMonster\02.State\02.Skill\02.Tackle</Filter>
    </ClInclude>
    <ClInclude Include="SkillActor_Growl.h">
      <Filter>Battle\02.Actor\05.Effect\04.SkillActor</Filter>
    </ClInclude>
    <ClInclude Include="TrainerPokemon.h">
      <Filter>Pokemon</Filter>
    </ClInclude>
    <ClInclude Include="BattleSkill_PlayerScratch.h">
      <Filter>Battle\03.FSM\05.PlayerMonster\02.State\02.Skill\04.Scratch</Filter>
    </ClInclude>
    <ClInclude Include="BattleSkill_EnemyScratch.h">
      <Filter>Battle\03.FSM\06.EnemyMonster\02.State\03.Skill\04.Scratch</Filter>
    </ClInclude>
    <ClInclude Include="BattleState_ChangeMonster.h">
      <Filter>Battle\03.FSM\02.Battle\02.State\13.ChangeMonster</Filter>
    </ClInclude>
    <ClInclude Include="BattleSkill_EnemyGrowl.h">
      <Filter>Battle\03.FSM\06.EnemyMonster\02.State\03.Skill\02.Tackle</Filter>
    </ClInclude>
    <ClInclude Include="BattleSkill_PlayerLeer.h">
      <Filter>Battle\03.FSM\05.PlayerMonster\02.State\02.Skill\02.Tackle</Filter>
    </ClInclude>
    <ClInclude Include="BattleSkill_PlayerEarthquake.h">
      <Filter>Battle\03.FSM\05.PlayerMonster\02.State\02.Skill\02.Tackle</Filter>
    </ClInclude>
    <ClInclude Include="BattleSkill_PlayerTailWhip.h">
      <Filter>Battle\03.FSM\05.PlayerMonster\02.State\02.Skill\02.Tackle</Filter>
    </ClInclude>
    <ClInclude Include="SkillActor_Leer.h">
      <Filter>Battle\02.Actor\05.Effect\04.SkillActor</Filter>
    </ClInclude>
    <ClInclude Include="BattleSkill_PlayerTempl.h">
      <Filter>Battle\03.FSM\05.PlayerMonster\02.State\02.Skill\03.TestSkill</Filter>
    </ClInclude>
    <ClInclude Include="BattleSkill_EnemyLeer.h">
      <Filter>Battle\03.FSM\06.EnemyMonster\02.State\03.Skill\02.Tackle</Filter>
    </ClInclude>
    <ClInclude Include="BattleSkill_EnemyTailWhip.h">
      <Filter>Battle\03.FSM\06.EnemyMonster\02.State\03.Skill\02.Tackle</Filter>
    </ClInclude>
    <ClInclude Include="BattleSkill_EnemyTailWhip.h">
      <Filter>Battle\03.FSM\06.EnemyMonster\02.State\03.Skill\02.Tackle</Filter>
    </ClInclude>
    <ClInclude Include="BattleSkill_PlayerFeatherDance.h">
      <Filter>Battle\03.FSM\05.PlayerMonster\02.State\02.Skill\04.Scratch</Filter>
    </ClInclude>
    <ClInclude Include="BattleSkill_EnemyFeatherDance.h">
      <Filter>Battle\03.FSM\06.EnemyMonster\02.State\03.Skill\04.Scratch</Filter>
    </ClInclude>
    <ClInclude Include="BattleSkill_PlayerEmber.h">
      <Filter>Battle\03.FSM\05.PlayerMonster\02.State\02.Skill\04.Scratch</Filter>
    </ClInclude>
    <ClInclude Include="SelectStartingUI.h" />
    <ClInclude Include="TrainerCardLevel.h" />
    <ClInclude Include="TrainerCardUI.h" />
    <ClInclude Include="BattleSkill_EnemyEarthquake.h">
      <Filter>Battle\03.FSM\06.EnemyMonster\02.State\03.Skill\02.Tackle</Filter>
    </ClInclude>
    <ClInclude Include="SelectStartingUI.h" />
    <ClInclude Include="TrainerCardLevel.h" />
    <ClInclude Include="TrainerCardUI.h" />
    <ClInclude Include="StartingPokeball.h">
      <Filter>Map\Actor\Object</Filter>
    </ClInclude>
    <ClInclude Include="StopOakNPC.h">
      <Filter>Player\NPC\EventNPC</Filter>
    </ClInclude>
    <ClInclude Include="BattleSkill_EnemyEmber.h">
      <Filter>Battle\03.FSM\06.EnemyMonster\02.State\03.Skill\04.Scratch</Filter>
    </ClInclude>
    <ClInclude Include="BattleSkill_PlayerBubble.h">
      <Filter>Battle\03.FSM\05.PlayerMonster\02.State\02.Skill\02.Tackle</Filter>
    </ClInclude>
    <ClInclude Include="BattleSkill_PlayerRazorLeaf.h">
      <Filter>Battle\03.FSM\05.PlayerMonster\02.State\02.Skill\02.Tackle</Filter>
    </ClInclude>
    <ClInclude Include="BattleSkill_PlayerVineWhip.h">
      <Filter>Battle\03.FSM\05.PlayerMonster\02.State\02.Skill\02.Tackle</Filter>
    </ClInclude>
    <ClInclude Include="BattleSkill_PlayerWaterGun.h">
      <Filter>Battle\03.FSM\05.PlayerMonster\02.State\02.Skill\02.Tackle</Filter>
    </ClInclude>
    <ClInclude Include="SkillActor_Bubble.h">
      <Filter>Battle\02.Actor\05.Effect\04.SkillActor</Filter>
    </ClInclude>
    <ClInclude Include="SkillActor_RazorLeaf.h">
      <Filter>Battle\02.Actor\05.Effect\04.SkillActor</Filter>
    </ClInclude>
    <ClInclude Include="SkillActor_VineWhip.h">
      <Filter>Battle\02.Actor\05.Effect\04.SkillActor</Filter>
    </ClInclude>
    <ClInclude Include="SkillActor_WaterGun.h">
      <Filter>Battle\02.Actor\05.Effect\04.SkillActor</Filter>
    </ClInclude>
    <ClInclude Include="LeafNPC.h">
      <Filter>Player\NPC\EventNPC</Filter>
    </ClInclude>
    <ClInclude Include="JumpEffect.h">
      <Filter>Player\Player</Filter>
    </ClInclude>
    <ClInclude Include="BattleSkill_PlayerQuickAttack.h">
      <Filter>Battle\03.FSM\05.PlayerMonster\02.State\02.Skill\02.Tackle</Filter>
    </ClInclude>
    <ClInclude Include="BattleSkill_PlayerGust.h">
      <Filter>Battle\03.FSM\05.PlayerMonster\02.State\02.Skill\02.Tackle</Filter>
    </ClInclude>
    <ClInclude Include="BattleSkill_PlayerAirSlash.h">
      <Filter>Battle\03.FSM\05.PlayerMonster\02.State\02.Skill\02.Tackle</Filter>
    </ClInclude>
    <ClInclude Include="BattleSkill_PlayerHyperFang.h">
      <Filter>Battle\03.FSM\05.PlayerMonster\02.State\02.Skill\02.Tackle</Filter>
    </ClInclude>
    <ClInclude Include="BattleSkill_PlayerBite.h">
      <Filter>Battle\03.FSM\05.PlayerMonster\02.State\02.Skill\02.Tackle</Filter>
    </ClInclude>
    <ClInclude Include="BattleSkill_PlayerDoubleEdge.h">
      <Filter>Battle\03.FSM\05.PlayerMonster\02.State\02.Skill\02.Tackle</Filter>
    </ClInclude>
    <ClInclude Include="BattleSkill_PlayerDragonBreath.h">
      <Filter>Battle\03.FSM\05.PlayerMonster\02.State\02.Skill\02.Tackle</Filter>
    </ClInclude>
    <ClInclude Include="BattleSkill_PlayerThunderbolt.h">
      <Filter>Battle\03.FSM\05.PlayerMonster\02.State\02.Skill\02.Tackle</Filter>
    </ClInclude>
    <ClInclude Include="BattleSkill_PlayerThunder.h">
      <Filter>Battle\03.FSM\05.PlayerMonster\02.State\02.Skill\02.Tackle</Filter>
    </ClInclude>
    <ClInclude Include="SkillActor_AirSlash.h">
      <Filter>Battle\02.Actor\05.Effect\04.SkillActor</Filter>
    </ClInclude>
    <ClInclude Include="SkillActor_Bite.h">
      <Filter>Battle\02.Actor\05.Effect\04.SkillActor</Filter>
    </ClInclude>
    <ClInclude Include="SkillActor_DragonBrath.h">
      <Filter>Battle\02.Actor\05.Effect\04.SkillActor</Filter>
    </ClInclude>
    <ClInclude Include="SkillActor_Gust.h">
      <Filter>Battle\02.Actor\05.Effect\04.SkillActor</Filter>
    </ClInclude>
    <ClInclude Include="SkillActor_Thunder.h">
      <Filter>Battle\02.Actor\05.Effect\04.SkillActor</Filter>
    </ClInclude>
    <ClInclude Include="SkillActor_Thunderbolt.h">
      <Filter>Battle\02.Actor\05.Effect\04.SkillActor</Filter>
    </ClInclude>
    <ClInclude Include="BattleSkill_EnemyGust.h">
      <Filter>Battle\03.FSM\06.EnemyMonster\02.State\03.Skill\02.Tackle</Filter>
    </ClInclude>
    <ClInclude Include="BattleSkill_EnemyQuickAttack.h">
      <Filter>Battle\03.FSM\06.EnemyMonster\02.State\03.Skill\02.Tackle</Filter>
    </ClInclude>
    <ClInclude Include="SkillActor_BlackBox.h">
      <Filter>Battle\02.Actor\05.Effect\04.SkillActor</Filter>
    </ClInclude>
  </ItemGroup>
  <ItemGroup>
    <Filter Include="Base">
      <UniqueIdentifier>{6c033d82-11e7-4f82-80cf-e3d1d20f0fa8}</UniqueIdentifier>
    </Filter>
    <Filter Include="Map">
      <UniqueIdentifier>{fcf7930e-b940-4a63-9c0f-63df9d39af25}</UniqueIdentifier>
    </Filter>
    <Filter Include="Map\Class">
      <UniqueIdentifier>{99111552-5f96-47be-ae8a-55bc1ba208a6}</UniqueIdentifier>
    </Filter>
    <Filter Include="Map\Actor">
      <UniqueIdentifier>{1fffd9dd-4fe7-45ff-beed-a34b8c4ad923}</UniqueIdentifier>
    </Filter>
    <Filter Include="Map\Level">
      <UniqueIdentifier>{bf0b231d-428d-45e0-9a13-7a1eac09d9bf}</UniqueIdentifier>
    </Filter>
    <Filter Include="FieldUI">
      <UniqueIdentifier>{dc844f2b-8b90-4482-9a12-1312cbe527be}</UniqueIdentifier>
    </Filter>
    <Filter Include="Battle">
      <UniqueIdentifier>{4269efaa-0f00-4e25-8bbc-3ae182e8e8a0}</UniqueIdentifier>
    </Filter>
    <Filter Include="Player">
      <UniqueIdentifier>{15be744f-b142-48fa-8078-7a2834c8aa89}</UniqueIdentifier>
    </Filter>
    <Filter Include="Player\Player">
      <UniqueIdentifier>{fd32f652-55d6-4a15-938d-36a5a77c1054}</UniqueIdentifier>
    </Filter>
    <Filter Include="Player\PlayerTestLevel">
      <UniqueIdentifier>{5607be65-2e3d-45c5-9146-a4d770161b07}</UniqueIdentifier>
    </Filter>
    <Filter Include="Player\NPC">
      <UniqueIdentifier>{b4b3e5d1-2ef0-43e2-8173-ae968d1ae06b}</UniqueIdentifier>
    </Filter>
    <Filter Include="FieldUI\HSM">
      <UniqueIdentifier>{67809fc1-ef1f-4703-b7c8-9cb88f6365bf}</UniqueIdentifier>
    </Filter>
    <Filter Include="BattleUI">
      <UniqueIdentifier>{e6adf7b2-3227-4123-a3c3-e51d384666cf}</UniqueIdentifier>
    </Filter>
    <Filter Include="BattleUI\TestLevel">
      <UniqueIdentifier>{513eb1c5-51e1-4661-a8b4-a5924bb8163f}</UniqueIdentifier>
    </Filter>
    <Filter Include="BattleUI\Actor">
      <UniqueIdentifier>{99e1e9e2-41f8-40fa-9dc9-3a822bd614db}</UniqueIdentifier>
    </Filter>
    <Filter Include="Map\Actor\Door">
      <UniqueIdentifier>{871d9329-15a4-4282-998c-b242e92f1c7b}</UniqueIdentifier>
    </Filter>
    <Filter Include="FieldUI\HSM\ShopUI">
      <UniqueIdentifier>{14847dd8-3048-4e52-9aa3-0a8aeab069c9}</UniqueIdentifier>
    </Filter>
    <Filter Include="Map\Actor\BattleZone">
      <UniqueIdentifier>{3c35df5c-88ab-4617-91b2-19f9932f52cb}</UniqueIdentifier>
    </Filter>
    <Filter Include="Ending">
      <UniqueIdentifier>{366894d5-fde8-4465-893e-b842605cf9ff}</UniqueIdentifier>
    </Filter>
    <Filter Include="Ending\Actor">
      <UniqueIdentifier>{c8f073f0-d851-4179-b20b-2d4d70dbe9d3}</UniqueIdentifier>
    </Filter>
    <Filter Include="Ending\Level">
      <UniqueIdentifier>{1d97bbcf-0f8c-4884-9498-d5e3aaf84291}</UniqueIdentifier>
    </Filter>
    <Filter Include="Battle\01.Level">
      <UniqueIdentifier>{acb0fd1f-0266-4542-8376-68e4167e4097}</UniqueIdentifier>
    </Filter>
    <Filter Include="Battle\02.Actor">
      <UniqueIdentifier>{7672993d-566d-4243-970c-71bb7e77d8fd}</UniqueIdentifier>
    </Filter>
    <Filter Include="Battle\03.FSM">
      <UniqueIdentifier>{05601715-9908-4bd2-929d-ec8e3e3bb9fc}</UniqueIdentifier>
    </Filter>
    <Filter Include="Battle\02.Actor\01.BackGround">
      <UniqueIdentifier>{dd3c2dfe-06d3-407c-8d4b-fcdd766d7f69}</UniqueIdentifier>
    </Filter>
    <Filter Include="Battle\02.Actor\02.Trainer">
      <UniqueIdentifier>{c9634a05-5b26-4503-af53-1f79c19f7a27}</UniqueIdentifier>
    </Filter>
    <Filter Include="Battle\02.Actor\02.Trainer\01.Base">
      <UniqueIdentifier>{5b828874-5ac4-4606-8f5d-898b9ef56c59}</UniqueIdentifier>
    </Filter>
    <Filter Include="Battle\02.Actor\02.Trainer\02.Player">
      <UniqueIdentifier>{4001778a-4522-4278-a588-910c7a3266cc}</UniqueIdentifier>
    </Filter>
    <Filter Include="Battle\02.Actor\02.Trainer\03.Enemy">
      <UniqueIdentifier>{4aefe2d7-e7f2-4a9b-bde6-df019e3bf378}</UniqueIdentifier>
    </Filter>
    <Filter Include="Battle\03.FSM\01.Base">
      <UniqueIdentifier>{f8de77ed-0dd8-4ca5-9695-f502b193a403}</UniqueIdentifier>
    </Filter>
    <Filter Include="Battle\03.FSM\01.Base\01.FSMBase">
      <UniqueIdentifier>{62f64542-c3f8-48b5-8209-38955b85a9ac}</UniqueIdentifier>
    </Filter>
    <Filter Include="Battle\03.FSM\01.Base\02.StateBase">
      <UniqueIdentifier>{8d48ae2f-88f9-4b81-ac71-52d09b5accda}</UniqueIdentifier>
    </Filter>
    <Filter Include="Battle\03.FSM\03.Player">
      <UniqueIdentifier>{bf8e0191-7443-4bcb-bf47-96e6e0883516}</UniqueIdentifier>
    </Filter>
    <Filter Include="Battle\03.FSM\04.Enemy">
      <UniqueIdentifier>{6da1d068-0e98-4cdc-bbac-35a3fdef125d}</UniqueIdentifier>
    </Filter>
    <Filter Include="Battle\03.FSM\05.PlayerMonster">
      <UniqueIdentifier>{aedc9beb-26fb-4fb1-8a71-7a2f461334c6}</UniqueIdentifier>
    </Filter>
    <Filter Include="Battle\03.FSM\06.EnemyMonster">
      <UniqueIdentifier>{b52b1516-3473-4c18-a0a2-f36e692a2a28}</UniqueIdentifier>
    </Filter>
    <Filter Include="Battle\03.FSM\02.Battle">
      <UniqueIdentifier>{1f3a4a71-4d9e-4a52-8a59-f77da0a26bd7}</UniqueIdentifier>
    </Filter>
    <Filter Include="Battle\03.FSM\03.Player\01.FSM">
      <UniqueIdentifier>{ebd8af34-599f-4dff-b915-42a0ff36f235}</UniqueIdentifier>
    </Filter>
    <Filter Include="Battle\03.FSM\03.Player\02.State">
      <UniqueIdentifier>{72b53ed3-a0ce-4f71-853d-26b1cf72eaf9}</UniqueIdentifier>
    </Filter>
    <Filter Include="Battle\03.FSM\03.Player\02.State\01.Move">
      <UniqueIdentifier>{0821beeb-f29a-4732-add0-c4beacc36bf0}</UniqueIdentifier>
    </Filter>
    <Filter Include="Battle\03.FSM\03.Player\02.State\02.Throw">
      <UniqueIdentifier>{3c35313b-df9d-4a28-970f-9cdb6d23a45a}</UniqueIdentifier>
    </Filter>
    <Filter Include="Battle\03.FSM\04.Enemy\01.FSM">
      <UniqueIdentifier>{89ec9e10-0da5-4bd9-9e1d-58048cb2a8c2}</UniqueIdentifier>
    </Filter>
    <Filter Include="Battle\03.FSM\05.PlayerMonster\01.FSM">
      <UniqueIdentifier>{6d3554e9-23f9-4d45-8fec-278aff68ba12}</UniqueIdentifier>
    </Filter>
    <Filter Include="Battle\03.FSM\05.PlayerMonster\02.State">
      <UniqueIdentifier>{23422cee-f6d6-43cc-b806-71878f4ab2ff}</UniqueIdentifier>
    </Filter>
    <Filter Include="Battle\03.FSM\06.EnemyMonster\01.FSM">
      <UniqueIdentifier>{8a1da7f6-a7fc-436d-9a11-b9540eaf744a}</UniqueIdentifier>
    </Filter>
    <Filter Include="Battle\03.FSM\06.EnemyMonster\02.State">
      <UniqueIdentifier>{30b14798-80ac-43f3-9628-b7c00e4d7a21}</UniqueIdentifier>
    </Filter>
    <Filter Include="Battle\03.FSM\06.EnemyMonster\02.State\01.Shadow">
      <UniqueIdentifier>{64534c33-cc62-42a8-a7c4-e48ec0147099}</UniqueIdentifier>
    </Filter>
    <Filter Include="Battle\03.FSM\02.Battle\01.FSM">
      <UniqueIdentifier>{3e4978ff-8863-46d8-adfa-281cf8b84613}</UniqueIdentifier>
    </Filter>
    <Filter Include="Battle\03.FSM\02.Battle\02.State">
      <UniqueIdentifier>{0e64b6e4-9edd-47e6-88b4-342bb5d69c77}</UniqueIdentifier>
    </Filter>
    <Filter Include="Battle\03.FSM\02.Battle\02.State\01.Talk">
      <UniqueIdentifier>{77b2f947-abdd-451d-9560-cc6d157ddaa9}</UniqueIdentifier>
    </Filter>
    <Filter Include="Battle\03.FSM\02.Battle\02.State\01.Talk\01.Base">
      <UniqueIdentifier>{61729fd2-fc5a-4db7-a5bd-72e7dbcb6195}</UniqueIdentifier>
    </Filter>
    <Filter Include="Battle\03.FSM\02.Battle\02.State\01.Talk\02.WildTalk">
      <UniqueIdentifier>{bbba124d-8c2a-406a-b4d5-eee6e90a61c0}</UniqueIdentifier>
    </Filter>
    <Filter Include="Battle\03.FSM\02.Battle\02.State\02.PlayerTurn">
      <UniqueIdentifier>{e114de82-1d01-441d-8086-9600220aef7e}</UniqueIdentifier>
    </Filter>
    <Filter Include="Battle\03.FSM\02.Battle\02.State\03.EnemyTurn">
      <UniqueIdentifier>{443cd0fe-f678-4e6b-bc6f-f847ce4786f7}</UniqueIdentifier>
    </Filter>
    <Filter Include="Battle\03.FSM\02.Battle\02.State\04.ThrowBall">
      <UniqueIdentifier>{4f0d6c28-db15-4eb3-9c16-02c4bb8c5900}</UniqueIdentifier>
    </Filter>
    <Filter Include="Battle\02.Actor\03.Monster">
      <UniqueIdentifier>{4af27db7-48b9-4aa6-9ea2-b8c17121477e}</UniqueIdentifier>
    </Filter>
    <Filter Include="Battle\02.Actor\03.Monster\01.Base">
      <UniqueIdentifier>{0f1b1ecd-cf8a-4294-9908-d6cda7d0a2b9}</UniqueIdentifier>
    </Filter>
    <Filter Include="Battle\02.Actor\03.Monster\02.Enemy">
      <UniqueIdentifier>{7c42c26c-7fca-4763-b881-71359af9bcd3}</UniqueIdentifier>
    </Filter>
    <Filter Include="Battle\02.Actor\03.Monster\03.Player">
      <UniqueIdentifier>{bc657857-5bf2-4018-b024-258e50bae107}</UniqueIdentifier>
    </Filter>
    <Filter Include="Battle\02.Actor\05.Effect">
      <UniqueIdentifier>{bb7eb28d-5d51-47a8-9fcb-0cf92b47ee05}</UniqueIdentifier>
    </Filter>
    <Filter Include="Battle\02.Actor\05.Effect\01.MonsterCreate">
      <UniqueIdentifier>{dfd9dabd-0c93-4d35-8c00-15935f10a772}</UniqueIdentifier>
    </Filter>
    <Filter Include="Battle\02.Actor\05.Effect\02.CreateParticle">
      <UniqueIdentifier>{07f8191e-b781-4615-8b2a-9b5eed9f2248}</UniqueIdentifier>
    </Filter>
    <Filter Include="Battle\02.Actor\04.MonsterBall">
      <UniqueIdentifier>{a7917a2a-c174-429a-bcb8-7c97662680eb}</UniqueIdentifier>
    </Filter>
    <Filter Include="Battle\03.FSM\07.MonsterBall">
      <UniqueIdentifier>{8c3e4c3f-5e8d-472e-958c-14a8695f61ac}</UniqueIdentifier>
    </Filter>
    <Filter Include="Battle\03.FSM\07.MonsterBall\01.FSM">
      <UniqueIdentifier>{9319068d-e611-4cba-8a2a-2f34688a729e}</UniqueIdentifier>
    </Filter>
    <Filter Include="Battle\03.FSM\07.MonsterBall\02.State">
      <UniqueIdentifier>{8472ba4b-01d1-4edd-a2f6-4526ad4df90b}</UniqueIdentifier>
    </Filter>
    <Filter Include="Battle\03.FSM\07.MonsterBall\02.State\02.Open">
      <UniqueIdentifier>{4468ee5d-80ca-4958-b36b-72d5f67cb75a}</UniqueIdentifier>
    </Filter>
    <Filter Include="Battle\03.FSM\07.MonsterBall\02.State\03.CatchThrow">
      <UniqueIdentifier>{78e3a962-b92e-44e2-993c-b91a9881994c}</UniqueIdentifier>
    </Filter>
    <Filter Include="Battle\03.FSM\07.MonsterBall\02.State\01.Throw">
      <UniqueIdentifier>{48754272-1d81-48dd-866e-b94bb451137f}</UniqueIdentifier>
    </Filter>
    <Filter Include="Battle\03.FSM\07.MonsterBall\02.State\01.Throw\01.Base">
      <UniqueIdentifier>{a946b986-63c4-42af-8334-887772f36c25}</UniqueIdentifier>
    </Filter>
    <Filter Include="Battle\03.FSM\07.MonsterBall\02.State\01.Throw\02.ToCreate">
      <UniqueIdentifier>{e8c8f789-99a2-42e7-bcae-084dacc58e50}</UniqueIdentifier>
    </Filter>
    <Filter Include="Opening">
      <UniqueIdentifier>{8c13a4fb-cb55-4280-9529-3f4afbfffc0d}</UniqueIdentifier>
    </Filter>
    <Filter Include="Opening\Actor">
      <UniqueIdentifier>{8b656fb5-ebb5-49a3-ad04-f6cb5ba085f1}</UniqueIdentifier>
    </Filter>
    <Filter Include="Battle\03.FSM\04.Enemy\02.State">
      <UniqueIdentifier>{12335066-5cc7-4e15-9827-21fb7b7248a2}</UniqueIdentifier>
    </Filter>
    <Filter Include="Battle\03.FSM\04.Enemy\02.State\01.Move">
      <UniqueIdentifier>{0cac2140-0fc0-4027-a510-e4c8194495c3}</UniqueIdentifier>
    </Filter>
    <Filter Include="Battle\03.FSM\06.EnemyMonster\02.State\02.Lock">
      <UniqueIdentifier>{e44707e2-7b3d-4f10-8c30-101e2a1e7bcc}</UniqueIdentifier>
    </Filter>
    <Filter Include="Battle\03.FSM\07.MonsterBall\02.State\04.Fade">
      <UniqueIdentifier>{c2115d1d-0bef-4bed-bce6-95fb389f1035}</UniqueIdentifier>
    </Filter>
    <Filter Include="Battle\03.FSM\07.MonsterBall\02.State\05.HorizonShake">
      <UniqueIdentifier>{4347db4f-5705-4a40-8491-6467fb64092c}</UniqueIdentifier>
    </Filter>
    <Filter Include="Battle\03.FSM\07.MonsterBall\02.State\06.VerticlaShake">
      <UniqueIdentifier>{d5f5b2fc-3070-42c6-ba71-7c268bd687dd}</UniqueIdentifier>
    </Filter>
    <Filter Include="Battle\03.FSM\07.MonsterBall\02.State\01.Throw\03.ToCatch">
      <UniqueIdentifier>{6ce62877-746c-4e3d-bc4e-e3ad2f2b18ef}</UniqueIdentifier>
    </Filter>
    <Filter Include="Battle\03.FSM\01.Base\02.StateBase\01.Base">
      <UniqueIdentifier>{66dd3ef4-2be3-4f88-ae0d-f91ef49c50ca}</UniqueIdentifier>
    </Filter>
    <Filter Include="Battle\02.Actor\05.Effect\03.FadeCtrl">
      <UniqueIdentifier>{2cf2028d-97c1-4437-9bbf-85416aa65b72}</UniqueIdentifier>
    </Filter>
    <Filter Include="Battle\03.FSM\02.Battle\02.State\01.Talk\03.RivalTalk">
      <UniqueIdentifier>{cd6455b0-bb5f-41d8-ac57-ab40c03f04e4}</UniqueIdentifier>
    </Filter>
    <Filter Include="Battle\03.FSM\02.Battle\02.State\05.CatchWildMonster">
      <UniqueIdentifier>{307bd905-57c0-4676-9728-4d045c1ccab3}</UniqueIdentifier>
    </Filter>
    <Filter Include="Battle\03.FSM\05.PlayerMonster\02.State\01.Create">
      <UniqueIdentifier>{4cc6c92d-1848-4854-bf18-71462d5ff0e8}</UniqueIdentifier>
    </Filter>
    <Filter Include="Battle\03.FSM\05.PlayerMonster\02.State\02.Skill">
      <UniqueIdentifier>{a0907ec4-c9ad-4761-8849-45eac0852529}</UniqueIdentifier>
    </Filter>
    <Filter Include="Battle\03.FSM\05.PlayerMonster\02.State\02.Skill\02.Tackle">
      <UniqueIdentifier>{1e435afb-24d7-4931-b58e-71376313b689}</UniqueIdentifier>
    </Filter>
    <Filter Include="Battle\03.FSM\05.PlayerMonster\02.State\02.Skill\01.Base">
      <UniqueIdentifier>{afd96047-bf2c-4d2f-8bfb-dbfd0e666f7f}</UniqueIdentifier>
    </Filter>
    <Filter Include="Battle\03.FSM\06.EnemyMonster\02.State\03.Skill">
      <UniqueIdentifier>{817e2987-8691-4c1e-b238-1b978381fdb5}</UniqueIdentifier>
    </Filter>
    <Filter Include="Battle\03.FSM\06.EnemyMonster\02.State\03.Skill\01.Base">
      <UniqueIdentifier>{dbd52cb5-45a1-4226-a271-1a079a19dc58}</UniqueIdentifier>
    </Filter>
    <Filter Include="Battle\03.FSM\06.EnemyMonster\02.State\03.Skill\02.Tackle">
      <UniqueIdentifier>{0670e93d-2c60-4995-88c6-66ac0e7ac221}</UniqueIdentifier>
    </Filter>
    <Filter Include="Battle\03.FSM\02.Battle\02.State\06.EnemyHPCheck">
      <UniqueIdentifier>{83d80f09-e1a2-465c-9b28-cfe21c8ac42a}</UniqueIdentifier>
    </Filter>
    <Filter Include="Battle\03.FSM\02.Battle\02.State\07.PlayerHPCheck">
      <UniqueIdentifier>{fb47da16-5ff7-4c75-900e-3aa187e54da7}</UniqueIdentifier>
    </Filter>
    <Filter Include="Battle\03.FSM\02.Battle\02.State\08.StageWin">
      <UniqueIdentifier>{abab7d1a-1b7c-4550-9e0e-ce74676c736a}</UniqueIdentifier>
    </Filter>
    <Filter Include="Battle\03.FSM\02.Battle\02.State\09.StageLose">
      <UniqueIdentifier>{dbf23716-ce90-473d-9d86-bb99736f7a4f}</UniqueIdentifier>
    </Filter>
    <Filter Include="Battle\03.FSM\02.Battle\02.State\10.BattleWin">
      <UniqueIdentifier>{0dcdd26f-a4c9-4551-bfb4-69c216824f8d}</UniqueIdentifier>
    </Filter>
    <Filter Include="Battle\03.FSM\02.Battle\02.State\11.BattleLose">
      <UniqueIdentifier>{13b6f34b-a00d-4b3b-b9f4-35c8a58c30d0}</UniqueIdentifier>
    </Filter>
    <Filter Include="Battle\03.FSM\08.Common">
      <UniqueIdentifier>{3b545379-7178-4551-aba7-9594f97d2b9a}</UniqueIdentifier>
    </Filter>
    <Filter Include="Battle\03.FSM\08.Common\01.Idle">
      <UniqueIdentifier>{22ab1538-5b6e-4a31-8b74-2e4f3a24e421}</UniqueIdentifier>
    </Filter>
    <Filter Include="Battle\03.FSM\08.Common\02.SkillBase">
      <UniqueIdentifier>{cb67d873-08fc-4b1d-829e-c02e6859d33e}</UniqueIdentifier>
    </Filter>
    <Filter Include="Battle\03.FSM\08.Common\03.MonsterDead">
      <UniqueIdentifier>{2f094c95-6e82-424a-88e4-289a7dc09cc5}</UniqueIdentifier>
    </Filter>
    <Filter Include="Battle\02.Actor\06.UIHandler">
      <UniqueIdentifier>{effac800-d392-4782-85b1-f9a2bd3b2bbf}</UniqueIdentifier>
    </Filter>
    <Filter Include="Battle\02.Actor\06.UIHandler\01.MonsterHpUI">
      <UniqueIdentifier>{a818ebbe-08e9-4986-83df-0cde127c869c}</UniqueIdentifier>
    </Filter>
    <Filter Include="Battle\02.Actor\06.UIHandler\01.MonsterHpUI\01.Base">
      <UniqueIdentifier>{7ff08af7-66cb-4bd9-bae0-80945171c8e6}</UniqueIdentifier>
    </Filter>
    <Filter Include="Battle\02.Actor\06.UIHandler\01.MonsterHpUI\02.PlayerHP">
      <UniqueIdentifier>{7015d211-ee32-4b9f-92e6-66e8415d8873}</UniqueIdentifier>
    </Filter>
    <Filter Include="Battle\02.Actor\06.UIHandler\01.MonsterHpUI\03.EnemyHP">
      <UniqueIdentifier>{2b9b3130-7701-4063-bc8a-fec61788575b}</UniqueIdentifier>
    </Filter>
    <Filter Include="Battle\03.FSM\02.Battle\02.State\12.ItemUse">
      <UniqueIdentifier>{cbdf3f53-a21f-4159-af30-97b942f17464}</UniqueIdentifier>
    </Filter>
    <Filter Include="Battle\03.FSM\04.Enemy\02.State\02.CreateMonster">
      <UniqueIdentifier>{fd1e2ee7-4b7e-45c4-8907-9c5c4ab9df82}</UniqueIdentifier>
    </Filter>
    <Filter Include="Battle\03.FSM\06.EnemyMonster\02.State\04.CreatedInBall">
      <UniqueIdentifier>{40bcb164-5460-436e-9168-7add057072b9}</UniqueIdentifier>
    </Filter>
    <Filter Include="Battle\03.FSM\05.PlayerMonster\02.State\02.Skill\03.TestSkill">
      <UniqueIdentifier>{f01dfd22-ccd8-4419-9c0f-4915177434d0}</UniqueIdentifier>
    </Filter>
    <Filter Include="Battle\03.FSM\06.EnemyMonster\02.State\03.Skill\03.TestSkill">
      <UniqueIdentifier>{c9cbd624-9b3c-45d9-9c67-9b0daab4c55b}</UniqueIdentifier>
    </Filter>
    <Filter Include="Battle\03.FSM\02.Battle\02.State\01.Talk\04.GymTalk">
      <UniqueIdentifier>{4d273083-2518-4bd0-ad1f-f74736c58fb5}</UniqueIdentifier>
    </Filter>
    <Filter Include="Pokemon">
      <UniqueIdentifier>{d89ec29f-221d-4dcf-a4c2-a8188c57a50c}</UniqueIdentifier>
    </Filter>
    <Filter Include="Pokemon\UI">
      <UniqueIdentifier>{20fa4b9b-e7e7-4fa0-b343-c2fa0a9224bf}</UniqueIdentifier>
    </Filter>
    <Filter Include="Item">
      <UniqueIdentifier>{934a19df-551f-4e0b-8b2d-8e07efe10ecf}</UniqueIdentifier>
    </Filter>
    <Filter Include="Battle\04.Defines">
      <UniqueIdentifier>{3dc71b0f-da43-49fa-9219-da62ffba3d43}</UniqueIdentifier>
    </Filter>
    <Filter Include="Map\Actor\UI">
      <UniqueIdentifier>{4722eb62-7142-493c-9c60-f9c24f77b736}</UniqueIdentifier>
    </Filter>
    <Filter Include="Map\Actor\Object">
      <UniqueIdentifier>{2e672631-a8a3-4c57-9d45-bf1d5e885496}</UniqueIdentifier>
    </Filter>
    <Filter Include="Player\NPC\EventNPC">
      <UniqueIdentifier>{39278d84-0ccb-4159-88e9-b040fd47e3a1}</UniqueIdentifier>
    </Filter>
    <Filter Include="Player\NPC\NormalNPC">
      <UniqueIdentifier>{7329baba-bce3-414b-9526-e6086d587231}</UniqueIdentifier>
    </Filter>
    <Filter Include="Battle\02.Actor\05.Effect\04.SkillActor">
      <UniqueIdentifier>{9b066b1d-cdf0-40de-8aa4-5bf985513c81}</UniqueIdentifier>
    </Filter>
    <Filter Include="Battle\03.FSM\05.PlayerMonster\02.State\02.Skill\04.Scratch">
      <UniqueIdentifier>{db8183e8-a489-4d25-b97c-0ec71aac45ed}</UniqueIdentifier>
    </Filter>
    <Filter Include="Battle\03.FSM\06.EnemyMonster\02.State\03.Skill\04.Scratch">
      <UniqueIdentifier>{e6d2a2b0-6e74-4fa5-bd87-d9526111f612}</UniqueIdentifier>
    </Filter>
    <Filter Include="Battle\03.FSM\02.Battle\02.State\13.ChangeMonster">
      <UniqueIdentifier>{6681bba1-f2dc-46d0-86e5-6b75032ff747}</UniqueIdentifier>
    </Filter>
  </ItemGroup>
</Project>