<?xml version="1.0" encoding="utf-8"?>
<Project ToolsVersion="4.0" xmlns="http://schemas.microsoft.com/developer/msbuild/2003">
  <ItemGroup>
    <Filter Include="01.GameCore">
      <UniqueIdentifier>{453641b2-da0f-41bd-91d7-ee634c70e6b7}</UniqueIdentifier>
    </Filter>
    <Filter Include="CenterLevel">
      <UniqueIdentifier>{c061cfcb-2b78-4d1b-802d-009dce3e16b5}</UniqueIdentifier>
    </Filter>
    <Filter Include="Base">
      <UniqueIdentifier>{3abc53f6-5eb3-49da-9a1f-8c7e88cb471b}</UniqueIdentifier>
    </Filter>
    <Filter Include="Battle">
      <UniqueIdentifier>{28963121-9d0e-4c63-a719-4326beba2a52}</UniqueIdentifier>
    </Filter>
    <Filter Include="Map">
      <UniqueIdentifier>{fab3db73-d8d8-4fec-9149-d231ae568db2}</UniqueIdentifier>
    </Filter>
    <Filter Include="FieldUI">
      <UniqueIdentifier>{1d273ebe-3125-41b9-bd56-73d2e678398f}</UniqueIdentifier>
    </Filter>
    <Filter Include="BattleUI">
      <UniqueIdentifier>{cf60c27b-4119-4726-b3e4-4fe54ecce186}</UniqueIdentifier>
    </Filter>
    <Filter Include="Data">
      <UniqueIdentifier>{f3e301eb-e8d3-43b1-b1bc-4b54a518f98b}</UniqueIdentifier>
    </Filter>
    <Filter Include="Player">
      <UniqueIdentifier>{d79ce54b-aa9b-4ef6-8013-365a20d2c5be}</UniqueIdentifier>
    </Filter>
    <Filter Include="Map\Actor">
      <UniqueIdentifier>{11baf478-18ae-4c90-95d3-d933e602f111}</UniqueIdentifier>
    </Filter>
    <Filter Include="Map\Level">
      <UniqueIdentifier>{f4f23bef-508d-4f0f-bb94-d37aa3c95dae}</UniqueIdentifier>
    </Filter>
    <Filter Include="Map\Class">
      <UniqueIdentifier>{aeea3e88-fe91-4dd8-ae84-3226a4709a09}</UniqueIdentifier>
    </Filter>
    <Filter Include="Battle\01.Level">
      <UniqueIdentifier>{748ba1ac-6a06-45db-bfca-ac5a0d6bd137}</UniqueIdentifier>
    </Filter>
    <Filter Include="Battle\02.Actor">
      <UniqueIdentifier>{228ee5fc-4ac0-40e5-bf5e-e85c43339377}</UniqueIdentifier>
    </Filter>
    <Filter Include="Battle\02.Actor\01.BattleTrainer">
      <UniqueIdentifier>{3e6c4af9-b059-4ded-a95f-7032370354db}</UniqueIdentifier>
    </Filter>
    <Filter Include="Battle\02.Actor\01.BattleTrainer\01.Base">
      <UniqueIdentifier>{22314913-a31f-40fa-b270-69fdc6e34f98}</UniqueIdentifier>
    </Filter>
    <Filter Include="Battle\02.Actor\01.BattleTrainer\02.Player">
      <UniqueIdentifier>{11c0d50b-31eb-4f1f-b42f-6da142964e96}</UniqueIdentifier>
    </Filter>
    <Filter Include="Battle\02.Actor\01.BattleTrainer\03.NPC">
      <UniqueIdentifier>{85bc0424-df42-4449-ab75-1cc08775632c}</UniqueIdentifier>
    </Filter>
  </ItemGroup>
  <ItemGroup>
    <ClInclude Include="PocketMonCore.h">
      <Filter>01.GameCore</Filter>
    </ClInclude>
    <ClInclude Include="CenterLevel.h">
      <Filter>CenterLevel</Filter>
    </ClInclude>
    <ClInclude Include="CenterActor.h">
      <Filter>CenterLevel</Filter>
    </ClInclude>
    <ClInclude Include="CenterLevel.h">
      <Filter>CenterLevel</Filter>
    </ClInclude>
    <ClInclude Include="CenterActor.h">
      <Filter>CenterLevel</Filter>
    </ClInclude>
    <ClInclude Include="int2.h">
      <Filter>Base</Filter>
    </ClInclude>
    <ClInclude Include="Fieldmap.h">
      <Filter>Map\Class</Filter>
    </ClInclude>
    <ClInclude Include="FieldmapLevel.h">
      <Filter>Map\Level</Filter>
    </ClInclude>
    <ClInclude Include="BattleLevel.h">
      <Filter>Battle\01.Level</Filter>
    </ClInclude>
    <ClInclude Include="BattleTrainerBase.h">
      <Filter>Battle\02.Actor\01.BattleTrainer\01.Base</Filter>
    </ClInclude>
    <ClInclude Include="BattlePlayer.h">
      <Filter>Battle\02.Actor\01.BattleTrainer\02.Player</Filter>
    </ClInclude>
    <ClInclude Include="BattleNPC.h">
      <Filter>Battle\02.Actor\01.BattleTrainer\03.NPC</Filter>
    </ClInclude>
  </ItemGroup>
  <ItemGroup>
    <ClCompile Include="PocketMonCore.cpp">
      <Filter>01.GameCore</Filter>
    </ClCompile>
    <ClCompile Include="CenterLevel.cpp">
      <Filter>CenterLevel</Filter>
    </ClCompile>
    <ClCompile Include="CenterActor.cpp">
      <Filter>CenterLevel</Filter>
    </ClCompile>
    <ClCompile Include="int2.cpp">
      <Filter>Base</Filter>
    </ClCompile>
    <ClCompile Include="Fieldmap.cpp">
      <Filter>Map\Class</Filter>
    </ClCompile>
    <ClCompile Include="FieldmapLevel.cpp">
      <Filter>Map\Level</Filter>
    </ClCompile>
    <ClCompile Include="BattleLevel.cpp">
      <Filter>Battle\01.Level</Filter>
    </ClCompile>
    <ClCompile Include="BattleTrainerBase.cpp">
      <Filter>Battle\02.Actor\01.BattleTrainer\01.Base</Filter>
    </ClCompile>
    <ClCompile Include="BattlePlayer.cpp">
      <Filter>Battle\02.Actor\01.BattleTrainer\02.Player</Filter>
    </ClCompile>
    <ClCompile Include="BattleNPC.cpp">
      <Filter>Battle\02.Actor\01.BattleTrainer\03.NPC</Filter>
    </ClCompile>
  </ItemGroup>
</Project>