<?xml version="1.0" encoding="utf-8"?>
<Project ToolsVersion="4.0" xmlns="http://schemas.microsoft.com/developer/msbuild/2003">
  <ItemGroup>
    <ClCompile Include="PocketMonCore.cpp" />
    <ClCompile Include="int2.cpp">
      <Filter>Base</Filter>
    </ClCompile>
    <ClCompile Include="PokeDataBase.cpp">
      <Filter>Base</Filter>
    </ClCompile>
    <ClCompile Include="Fieldmap.cpp">
      <Filter>Map\Class</Filter>
    </ClCompile>
    <ClCompile Include="FieldmapLevel.cpp">
      <Filter>Map\Level</Filter>
    </ClCompile>
    <ClCompile Include="FieldmapRender.cpp">
      <Filter>Map\Actor</Filter>
    </ClCompile>
    <ClCompile Include="CenterLevel.cpp">
      <Filter>Level</Filter>
    </ClCompile>
    <ClCompile Include="CenterActor.cpp">
      <Filter>Level\Actor</Filter>
    </ClCompile>
    <ClCompile Include="BackTextActor.cpp">
      <Filter>BattleUI</Filter>
    </ClCompile>
    <ClCompile Include="TextTestLevel.cpp">
      <Filter>BattleUI</Filter>
    </ClCompile>
    <ClCompile Include="Player.cpp">
      <Filter>Player\Player</Filter>
    </ClCompile>
    <ClCompile Include="PlayerState.cpp">
      <Filter>Player\Player</Filter>
    </ClCompile>
    <ClCompile Include="PlayerTestLevel.cpp">
      <Filter>Player\Level</Filter>
    </ClCompile>
    <ClCompile Include="BattleLevel.cpp">
      <Filter>Battle\01.Level</Filter>
    </ClCompile>
    <ClCompile Include="BattleBackGround.cpp">
      <Filter>Battle\02.Actor\01.BackGround</Filter>
    </ClCompile>
    <ClCompile Include="BattleTrainerBase.cpp">
      <Filter>Battle\02.Actor\02.BattleTrainer\01.Base</Filter>
    </ClCompile>
    <ClCompile Include="BattlePlayer.cpp">
      <Filter>Battle\02.Actor\02.BattleTrainer\02.Player</Filter>
    </ClCompile>
    <ClCompile Include="BattleNPC.cpp">
      <Filter>Battle\02.Actor\02.BattleTrainer\03.NPC</Filter>
    </ClCompile>
    <ClCompile Include="FirstSetLevel.cpp">
      <Filter>FieldUI</Filter>
    </ClCompile>
    <ClCompile Include="LetterRenderObject.cpp">
      <Filter>FieldUI</Filter>
    </ClCompile>
    <ClCompile Include="TextTest.cpp">
      <Filter>FieldUI</Filter>
    </ClCompile>
    <ClCompile Include="TestScript.cpp">
      <Filter>BattleUI</Filter>
    </ClCompile>
    <ClCompile Include="FriendlyHPBackground.cpp">
      <Filter>BattleUI</Filter>
    </ClCompile>
    <ClCompile Include="NPC1.cpp">
      <Filter>Player\NPC\NPC1</Filter>
    </ClCompile>
  </ItemGroup>
  <ItemGroup>
    <ClInclude Include="ContentsEnum.h" />
    <ClInclude Include="PocketMonCore.h" />
    <ClInclude Include="int2.h">
      <Filter>Base</Filter>
    </ClInclude>
    <ClInclude Include="PokeDataBase.h">
      <Filter>Base</Filter>
    </ClInclude>
    <ClInclude Include="Fieldmap.h">
      <Filter>Map\Class</Filter>
    </ClInclude>
    <ClInclude Include="FieldmapLevel.h">
      <Filter>Map\Level</Filter>
    </ClInclude>
    <ClInclude Include="FieldmapRender.h">
      <Filter>Map\Actor</Filter>
    </ClInclude>
    <ClInclude Include="CenterLevel.h">
      <Filter>Level</Filter>
    </ClInclude>
    <ClInclude Include="CenterActor.h">
      <Filter>Level\Actor</Filter>
    </ClInclude>
    <ClInclude Include="BackTextActor.h">
      <Filter>BattleUI</Filter>
    </ClInclude>
    <ClInclude Include="TextTestLevel.h">
      <Filter>BattleUI</Filter>
    </ClInclude>
    <ClInclude Include="Player.h">
      <Filter>Player\Player</Filter>
    </ClInclude>
    <ClInclude Include="PlayerTestLevel.h">
      <Filter>Player\Level</Filter>
    </ClInclude>
    <ClInclude Include="BattleLevel.h">
      <Filter>Battle\01.Level</Filter>
    </ClInclude>
    <ClInclude Include="BattleBackGround.h">
      <Filter>Battle\02.Actor\01.BackGround</Filter>
    </ClInclude>
    <ClInclude Include="BattleTrainerBase.h">
      <Filter>Battle\02.Actor\02.BattleTrainer\01.Base</Filter>
    </ClInclude>
    <ClInclude Include="BattlePlayer.h">
      <Filter>Battle\02.Actor\02.BattleTrainer\02.Player</Filter>
    </ClInclude>
    <ClInclude Include="BattleNPC.h">
      <Filter>Battle\02.Actor\02.BattleTrainer\03.NPC</Filter>
    </ClInclude>
    <ClInclude Include="FirstSetLevel.h">
      <Filter>FieldUI</Filter>
    </ClInclude>
    <ClInclude Include="LetterRenderObject.h">
      <Filter>FieldUI</Filter>
    </ClInclude>
    <ClInclude Include="TextTest.h">
      <Filter>FieldUI</Filter>
    </ClInclude>
    <ClInclude Include="TestScript.h">
      <Filter>BattleUI</Filter>
    </ClInclude>
    <ClInclude Include="FriendlyHPBackground.h">
      <Filter>BattleUI</Filter>
    </ClInclude>
    <ClInclude Include="NPC1.h">
      <Filter>Player\NPC\NPC1</Filter>
    </ClInclude>
  </ItemGroup>
  <ItemGroup>
    <Filter Include="Base">
      <UniqueIdentifier>{b102c016-e71f-44ba-940e-c72cca981895}</UniqueIdentifier>
    </Filter>
    <Filter Include="Map">
      <UniqueIdentifier>{bdaaf5eb-83f9-4739-b637-a43c9a7c24a5}</UniqueIdentifier>
    </Filter>
    <Filter Include="Map\Class">
      <UniqueIdentifier>{de46b966-ca3b-422d-8ff7-41f8610529fc}</UniqueIdentifier>
    </Filter>
    <Filter Include="Map\Actor">
      <UniqueIdentifier>{192ee187-8b20-4fdc-b0d9-90ab93a9518c}</UniqueIdentifier>
    </Filter>
    <Filter Include="Map\Level">
      <UniqueIdentifier>{d386df86-631e-4ab1-923d-43011bfeb39b}</UniqueIdentifier>
    </Filter>
    <Filter Include="Level">
      <UniqueIdentifier>{1497c1bd-a63d-456a-bff6-881e89d032c2}</UniqueIdentifier>
    </Filter>
    <Filter Include="Level\Actor">
      <UniqueIdentifier>{2e7a6bfc-2995-4f8a-95e9-eb8dd68a6991}</UniqueIdentifier>
    </Filter>
    <Filter Include="BattleUI">
      <UniqueIdentifier>{06069b15-a76d-47ed-a8e8-92c2249f8a05}</UniqueIdentifier>
    </Filter>
    <Filter Include="Player">
      <UniqueIdentifier>{71c05644-be58-4193-9bcb-c6cfe5f95b9f}</UniqueIdentifier>
    </Filter>
    <Filter Include="Player\Player">
      <UniqueIdentifier>{8d53d3dd-f94a-4fbb-bd50-c2916bc09b9f}</UniqueIdentifier>
    </Filter>
    <Filter Include="Player\Level">
      <UniqueIdentifier>{218b6a84-7d1e-4e31-8061-85963a5066a8}</UniqueIdentifier>
    </Filter>
    <Filter Include="Battle">
      <UniqueIdentifier>{8e078d4d-a21e-438d-8cb8-f532f12f872a}</UniqueIdentifier>
    </Filter>
    <Filter Include="Battle\01.Level">
      <UniqueIdentifier>{d78e6fa9-5e2d-4a57-a097-0f6d9a53136e}</UniqueIdentifier>
    </Filter>
    <Filter Include="Battle\02.Actor">
      <UniqueIdentifier>{54a28824-78f4-4b60-9b08-0faf3a8ad8d4}</UniqueIdentifier>
    </Filter>
    <Filter Include="Battle\02.Actor\02.BattleTrainer">
      <UniqueIdentifier>{71dc2e83-a3c7-4aef-bf54-885b8c9edae3}</UniqueIdentifier>
    </Filter>
    <Filter Include="Battle\02.Actor\02.BattleTrainer\01.Base">
      <UniqueIdentifier>{9aa98528-458a-4595-b058-9e139221a8c1}</UniqueIdentifier>
    </Filter>
    <Filter Include="Battle\02.Actor\02.BattleTrainer\02.Player">
      <UniqueIdentifier>{e147f5d9-91ab-41e1-b207-c9ae263b9cfe}</UniqueIdentifier>
    </Filter>
    <Filter Include="Battle\02.Actor\02.BattleTrainer\03.NPC">
      <UniqueIdentifier>{0c115c02-58ca-4e51-92da-f6746c28787f}</UniqueIdentifier>
    </Filter>
    <Filter Include="Battle\02.Actor\01.BackGround">
      <UniqueIdentifier>{80c2447f-65cc-449d-b238-2ce1ce312ba0}</UniqueIdentifier>
    </Filter>
    <Filter Include="FieldUI">
      <UniqueIdentifier>{f5987466-8d8c-43c9-b018-a62a9ea8e174}</UniqueIdentifier>
    </Filter>
    <Filter Include="Player\NPC">
      <UniqueIdentifier>{9c342485-3902-4761-b01f-4322c2ffb05d}</UniqueIdentifier>
    </Filter>
    <Filter Include="Player\NPC\NPC1">
      <UniqueIdentifier>{dbfacc62-bd71-4730-b31a-0a0986a7d513}</UniqueIdentifier>
    </Filter>
    <Filter Include="Player\NPC\NPC2">
      <UniqueIdentifier>{439c8c31-ff38-42a2-8f64-f439386fd9e5}</UniqueIdentifier>
    </Filter>
    <Filter Include="Player\NPC\NPC3">
      <UniqueIdentifier>{71b1a8eb-e0f9-4607-9c1d-b9588a3448ea}</UniqueIdentifier>
    </Filter>
    <Filter Include="Player\NPC\NPC4">
      <UniqueIdentifier>{2bd25d33-180e-40e4-ab3a-be7b9fad4bb3}</UniqueIdentifier>
    </Filter>
    <Filter Include="Player\NPC\NPC5">
      <UniqueIdentifier>{7615c6a6-89ea-4658-a088-48208b01357a}</UniqueIdentifier>
    </Filter>
    <Filter Include="Player\NPC\OAK">
      <UniqueIdentifier>{0282b1a7-0f25-4cf8-ae55-581307e24ac2}</UniqueIdentifier>
    </Filter>
    <Filter Include="Player\NPC\RIVAL">
      <UniqueIdentifier>{37fe962e-180b-4f9f-bc1b-1b1c066881cd}</UniqueIdentifier>
    </Filter>
  </ItemGroup>
</Project>