
Microsoft Visual Studio Solution File, Format Version 12.00
# Visual Studio Version 17
VisualStudioVersion = 17.4.33205.214
MinimumVisualStudioVersion = 10.0.40219.1
Project("{8BC9CEB8-8B4A-11D0-8D11-00A0C91BC942}") = "APIApp", "APIApp\APIApp.vcxproj", "{EEA1BAC1-4E98-4350-BC9D-6466B5EB87E7}"
	ProjectSection(ProjectDependencies) = postProject
		{012509BD-0610-46F2-BCEF-076C0828D24F} = {012509BD-0610-46F2-BCEF-076C0828D24F}
		{4235D360-1C2A-445E-978E-19835ADD99A7} = {4235D360-1C2A-445E-978E-19835ADD99A7}
		{A6E9BFEE-96EC-4FC9-9219-12202F5126CC} = {A6E9BFEE-96EC-4FC9-9219-12202F5126CC}
		{DD304768-7EA1-403D-895D-A7A6DCC97275} = {DD304768-7EA1-403D-895D-A7A6DCC97275}
	EndProjectSection
EndProject
Project("{2150E333-8FDC-42A3-9474-1A3956D46DE8}") = "Level0", "Level0", "{3530B011-1B07-4C29-AAFD-28E538A1299A}"
EndProject
Project("{2150E333-8FDC-42A3-9474-1A3956D46DE8}") = "Level1", "Level1", "{8F35FA5D-C780-436C-A374-5FB36668DBED}"
EndProject
Project("{2150E333-8FDC-42A3-9474-1A3956D46DE8}") = "Level2", "Level2", "{DFCCC5A8-AFE8-4313-A469-966A2FE5BDAC}"
EndProject
Project("{8BC9CEB8-8B4A-11D0-8D11-00A0C91BC942}") = "GameEngineBase", "GameEngineBase\GameEngineBase.vcxproj", "{A6E9BFEE-96EC-4FC9-9219-12202F5126CC}"
EndProject
Project("{2150E333-8FDC-42A3-9474-1A3956D46DE8}") = "Level3", "Level3", "{BB8BFE54-B644-4667-B776-F76C85F39965}"
EndProject
Project("{8BC9CEB8-8B4A-11D0-8D11-00A0C91BC942}") = "GameEnginePlatform", "GameEnginePlatform\GameEnginePlatform.vcxproj", "{012509BD-0610-46F2-BCEF-076C0828D24F}"
	ProjectSection(ProjectDependencies) = postProject
		{A6E9BFEE-96EC-4FC9-9219-12202F5126CC} = {A6E9BFEE-96EC-4FC9-9219-12202F5126CC}
	EndProjectSection
EndProject
Project("{8BC9CEB8-8B4A-11D0-8D11-00A0C91BC942}") = "GameEngineCore", "GameEngineCore\GameEngineCore.vcxproj", "{4235D360-1C2A-445E-978E-19835ADD99A7}"
	ProjectSection(ProjectDependencies) = postProject
		{012509BD-0610-46F2-BCEF-076C0828D24F} = {012509BD-0610-46F2-BCEF-076C0828D24F}
		{A6E9BFEE-96EC-4FC9-9219-12202F5126CC} = {A6E9BFEE-96EC-4FC9-9219-12202F5126CC}
	EndProjectSection
EndProject
Project("{8BC9CEB8-8B4A-11D0-8D11-00A0C91BC942}") = "GameEngineContents", "GameEngineContents\GameEngineContents.vcxproj", "{DD304768-7EA1-403D-895D-A7A6DCC97275}"
	ProjectSection(ProjectDependencies) = postProject
		{012509BD-0610-46F2-BCEF-076C0828D24F} = {012509BD-0610-46F2-BCEF-076C0828D24F}
		{4235D360-1C2A-445E-978E-19835ADD99A7} = {4235D360-1C2A-445E-978E-19835ADD99A7}
		{A6E9BFEE-96EC-4FC9-9219-12202F5126CC} = {A6E9BFEE-96EC-4FC9-9219-12202F5126CC}
	EndProjectSection
EndProject
Project("{2150E333-8FDC-42A3-9474-1A3956D46DE8}") = "Level4", "Level4", "{B799B5DB-A35C-4716-8855-A50F20BE6B32}"
EndProject
Project("{2150E333-8FDC-42A3-9474-1A3956D46DE8}") = "Doc", "Doc", "{163A362F-2A8E-454E-940F-0326B62F2AC5}"
EndProject
Global
	GlobalSection(SolutionConfigurationPlatforms) = preSolution
		Debug|x64 = Debug|x64
		Debug|x86 = Debug|x86
		Release|x64 = Release|x64
		Release|x86 = Release|x86
	EndGlobalSection
	GlobalSection(ProjectConfigurationPlatforms) = postSolution
		{EEA1BAC1-4E98-4350-BC9D-6466B5EB87E7}.Debug|x64.ActiveCfg = Debug|x64
		{EEA1BAC1-4E98-4350-BC9D-6466B5EB87E7}.Debug|x64.Build.0 = Debug|x64
		{EEA1BAC1-4E98-4350-BC9D-6466B5EB87E7}.Debug|x86.ActiveCfg = Debug|Win32
		{EEA1BAC1-4E98-4350-BC9D-6466B5EB87E7}.Debug|x86.Build.0 = Debug|Win32
		{EEA1BAC1-4E98-4350-BC9D-6466B5EB87E7}.Release|x64.ActiveCfg = Release|x64
		{EEA1BAC1-4E98-4350-BC9D-6466B5EB87E7}.Release|x64.Build.0 = Release|x64
		{EEA1BAC1-4E98-4350-BC9D-6466B5EB87E7}.Release|x86.ActiveCfg = Release|Win32
		{EEA1BAC1-4E98-4350-BC9D-6466B5EB87E7}.Release|x86.Build.0 = Release|Win32
		{A6E9BFEE-96EC-4FC9-9219-12202F5126CC}.Debug|x64.ActiveCfg = Debug|x64
		{A6E9BFEE-96EC-4FC9-9219-12202F5126CC}.Debug|x64.Build.0 = Debug|x64
		{A6E9BFEE-96EC-4FC9-9219-12202F5126CC}.Debug|x86.ActiveCfg = Debug|Win32
		{A6E9BFEE-96EC-4FC9-9219-12202F5126CC}.Debug|x86.Build.0 = Debug|Win32
		{A6E9BFEE-96EC-4FC9-9219-12202F5126CC}.Release|x64.ActiveCfg = Release|x64
		{A6E9BFEE-96EC-4FC9-9219-12202F5126CC}.Release|x64.Build.0 = Release|x64
		{A6E9BFEE-96EC-4FC9-9219-12202F5126CC}.Release|x86.ActiveCfg = Release|Win32
		{A6E9BFEE-96EC-4FC9-9219-12202F5126CC}.Release|x86.Build.0 = Release|Win32
		{012509BD-0610-46F2-BCEF-076C0828D24F}.Debug|x64.ActiveCfg = Debug|x64
		{012509BD-0610-46F2-BCEF-076C0828D24F}.Debug|x64.Build.0 = Debug|x64
		{012509BD-0610-46F2-BCEF-076C0828D24F}.Debug|x86.ActiveCfg = Debug|Win32
		{012509BD-0610-46F2-BCEF-076C0828D24F}.Debug|x86.Build.0 = Debug|Win32
		{012509BD-0610-46F2-BCEF-076C0828D24F}.Release|x64.ActiveCfg = Release|x64
		{012509BD-0610-46F2-BCEF-076C0828D24F}.Release|x64.Build.0 = Release|x64
		{012509BD-0610-46F2-BCEF-076C0828D24F}.Release|x86.ActiveCfg = Release|Win32
		{012509BD-0610-46F2-BCEF-076C0828D24F}.Release|x86.Build.0 = Release|Win32
		{4235D360-1C2A-445E-978E-19835ADD99A7}.Debug|x64.ActiveCfg = Debug|x64
		{4235D360-1C2A-445E-978E-19835ADD99A7}.Debug|x64.Build.0 = Debug|x64
		{4235D360-1C2A-445E-978E-19835ADD99A7}.Debug|x86.ActiveCfg = Debug|Win32
		{4235D360-1C2A-445E-978E-19835ADD99A7}.Debug|x86.Build.0 = Debug|Win32
		{4235D360-1C2A-445E-978E-19835ADD99A7}.Release|x64.ActiveCfg = Release|x64
		{4235D360-1C2A-445E-978E-19835ADD99A7}.Release|x64.Build.0 = Release|x64
		{4235D360-1C2A-445E-978E-19835ADD99A7}.Release|x86.ActiveCfg = Release|Win32
		{4235D360-1C2A-445E-978E-19835ADD99A7}.Release|x86.Build.0 = Release|Win32
		{DD304768-7EA1-403D-895D-A7A6DCC97275}.Debug|x64.ActiveCfg = Debug|x64
		{DD304768-7EA1-403D-895D-A7A6DCC97275}.Debug|x64.Build.0 = Debug|x64
		{DD304768-7EA1-403D-895D-A7A6DCC97275}.Debug|x86.ActiveCfg = Debug|Win32
		{DD304768-7EA1-403D-895D-A7A6DCC97275}.Debug|x86.Build.0 = Debug|Win32
		{DD304768-7EA1-403D-895D-A7A6DCC97275}.Release|x64.ActiveCfg = Release|x64
		{DD304768-7EA1-403D-895D-A7A6DCC97275}.Release|x64.Build.0 = Release|x64
		{DD304768-7EA1-403D-895D-A7A6DCC97275}.Release|x86.ActiveCfg = Release|Win32
		{DD304768-7EA1-403D-895D-A7A6DCC97275}.Release|x86.Build.0 = Release|Win32
	EndGlobalSection
	GlobalSection(SolutionProperties) = preSolution
		HideSolutionNode = FALSE
	EndGlobalSection
	GlobalSection(NestedProjects) = preSolution
		{EEA1BAC1-4E98-4350-BC9D-6466B5EB87E7} = {B799B5DB-A35C-4716-8855-A50F20BE6B32}
		{A6E9BFEE-96EC-4FC9-9219-12202F5126CC} = {3530B011-1B07-4C29-AAFD-28E538A1299A}
		{012509BD-0610-46F2-BCEF-076C0828D24F} = {8F35FA5D-C780-436C-A374-5FB36668DBED}
		{4235D360-1C2A-445E-978E-19835ADD99A7} = {DFCCC5A8-AFE8-4313-A469-966A2FE5BDAC}
		{DD304768-7EA1-403D-895D-A7A6DCC97275} = {BB8BFE54-B644-4667-B776-F76C85F39965}
	EndGlobalSection
	GlobalSection(ExtensibilityGlobals) = postSolution
		SolutionGuid = {46DD55BB-181A-4124-85ED-242B48397E28}
	EndGlobalSection
EndGlobal
