
Microsoft Visual Studio Solution File, Format Version 12.00
# Visual Studio Version 17
VisualStudioVersion = 17.4.33103.184
MinimumVisualStudioVersion = 10.0.40219.1
Project("{8BC9CEB8-8B4A-11D0-8D11-00A0C91BC942}") = "GameEngineBase", "GameEngineBase\GameEngineBase.vcxproj", "{A6E9BFEE-96EC-4FC9-9219-12202F5126CC}"
EndProject
Project("{8BC9CEB8-8B4A-11D0-8D11-00A0C91BC942}") = "GameEngineCore", "GameEngineCore\GameEngineCore.vcxproj", "{4235D360-1C2A-445E-978E-19835ADD99A7}"
EndProject
Project("{8BC9CEB8-8B4A-11D0-8D11-00A0C91BC942}") = "GameEnginePlatform", "GameEnginePlatform\GameEnginePlatform.vcxproj", "{012509BD-0610-46F2-BCEF-076C0828D24F}"
EndProject
Project("{8BC9CEB8-8B4A-11D0-8D11-00A0C91BC942}") = "APIApp", "APIApp\APIApp.vcxproj", "{EEA1BAC1-4E98-4350-BC9D-6466B5EB87E7}"
	ProjectSection(ProjectDependencies) = postProject
		{6B760D57-60D9-4161-A9E7-3A563B2ECD97} = {6B760D57-60D9-4161-A9E7-3A563B2ECD97}
	EndProjectSection
EndProject
Project("{8BC9CEB8-8B4A-11D0-8D11-00A0C91BC942}") = "GameEngineContents", "GameEngineContents\GameEngineContents.vcxproj", "{6B760D57-60D9-4161-A9E7-3A563B2ECD97}"
	ProjectSection(ProjectDependencies) = postProject
		{012509BD-0610-46F2-BCEF-076C0828D24F} = {012509BD-0610-46F2-BCEF-076C0828D24F}
		{4235D360-1C2A-445E-978E-19835ADD99A7} = {4235D360-1C2A-445E-978E-19835ADD99A7}
		{A6E9BFEE-96EC-4FC9-9219-12202F5126CC} = {A6E9BFEE-96EC-4FC9-9219-12202F5126CC}
	EndProjectSection
EndProject
Global
	GlobalSection(SolutionConfigurationPlatforms) = preSolution
		Debug|x64 = Debug|x64
		Debug|x86 = Debug|x86
		Release|x64 = Release|x64
		Release|x86 = Release|x86
	EndGlobalSection
	GlobalSection(ProjectConfigurationPlatforms) = postSolution
		{A6E9BFEE-96EC-4FC9-9219-12202F5126CC}.Debug|x64.ActiveCfg = Debug|x64
		{A6E9BFEE-96EC-4FC9-9219-12202F5126CC}.Debug|x64.Build.0 = Debug|x64
		{A6E9BFEE-96EC-4FC9-9219-12202F5126CC}.Debug|x86.ActiveCfg = Debug|Win32
		{A6E9BFEE-96EC-4FC9-9219-12202F5126CC}.Debug|x86.Build.0 = Debug|Win32
		{A6E9BFEE-96EC-4FC9-9219-12202F5126CC}.Release|x64.ActiveCfg = Release|x64
		{A6E9BFEE-96EC-4FC9-9219-12202F5126CC}.Release|x64.Build.0 = Release|x64
		{A6E9BFEE-96EC-4FC9-9219-12202F5126CC}.Release|x86.ActiveCfg = Release|Win32
		{A6E9BFEE-96EC-4FC9-9219-12202F5126CC}.Release|x86.Build.0 = Release|Win32
		{4235D360-1C2A-445E-978E-19835ADD99A7}.Debug|x64.ActiveCfg = Debug|x64
		{4235D360-1C2A-445E-978E-19835ADD99A7}.Debug|x64.Build.0 = Debug|x64
		{4235D360-1C2A-445E-978E-19835ADD99A7}.Debug|x86.ActiveCfg = Debug|Win32
		{4235D360-1C2A-445E-978E-19835ADD99A7}.Debug|x86.Build.0 = Debug|Win32
		{4235D360-1C2A-445E-978E-19835ADD99A7}.Release|x64.ActiveCfg = Release|x64
		{4235D360-1C2A-445E-978E-19835ADD99A7}.Release|x64.Build.0 = Release|x64
		{4235D360-1C2A-445E-978E-19835ADD99A7}.Release|x86.ActiveCfg = Release|Win32
		{4235D360-1C2A-445E-978E-19835ADD99A7}.Release|x86.Build.0 = Release|Win32
		{012509BD-0610-46F2-BCEF-076C0828D24F}.Debug|x64.ActiveCfg = Debug|x64
		{012509BD-0610-46F2-BCEF-076C0828D24F}.Debug|x64.Build.0 = Debug|x64
		{012509BD-0610-46F2-BCEF-076C0828D24F}.Debug|x86.ActiveCfg = Debug|Win32
		{012509BD-0610-46F2-BCEF-076C0828D24F}.Debug|x86.Build.0 = Debug|Win32
		{012509BD-0610-46F2-BCEF-076C0828D24F}.Release|x64.ActiveCfg = Release|x64
		{012509BD-0610-46F2-BCEF-076C0828D24F}.Release|x64.Build.0 = Release|x64
		{012509BD-0610-46F2-BCEF-076C0828D24F}.Release|x86.ActiveCfg = Release|Win32
		{012509BD-0610-46F2-BCEF-076C0828D24F}.Release|x86.Build.0 = Release|Win32
		{EEA1BAC1-4E98-4350-BC9D-6466B5EB87E7}.Debug|x64.ActiveCfg = Debug|x64
		{EEA1BAC1-4E98-4350-BC9D-6466B5EB87E7}.Debug|x64.Build.0 = Debug|x64
		{EEA1BAC1-4E98-4350-BC9D-6466B5EB87E7}.Debug|x86.ActiveCfg = Debug|Win32
		{EEA1BAC1-4E98-4350-BC9D-6466B5EB87E7}.Debug|x86.Build.0 = Debug|Win32
		{EEA1BAC1-4E98-4350-BC9D-6466B5EB87E7}.Release|x64.ActiveCfg = Release|x64
		{EEA1BAC1-4E98-4350-BC9D-6466B5EB87E7}.Release|x64.Build.0 = Release|x64
		{EEA1BAC1-4E98-4350-BC9D-6466B5EB87E7}.Release|x86.ActiveCfg = Release|Win32
		{EEA1BAC1-4E98-4350-BC9D-6466B5EB87E7}.Release|x86.Build.0 = Release|Win32
		{6B760D57-60D9-4161-A9E7-3A563B2ECD97}.Debug|x64.ActiveCfg = Debug|x64
		{6B760D57-60D9-4161-A9E7-3A563B2ECD97}.Debug|x64.Build.0 = Debug|x64
		{6B760D57-60D9-4161-A9E7-3A563B2ECD97}.Debug|x86.ActiveCfg = Debug|Win32
		{6B760D57-60D9-4161-A9E7-3A563B2ECD97}.Debug|x86.Build.0 = Debug|Win32
		{6B760D57-60D9-4161-A9E7-3A563B2ECD97}.Release|x64.ActiveCfg = Release|x64
		{6B760D57-60D9-4161-A9E7-3A563B2ECD97}.Release|x64.Build.0 = Release|x64
		{6B760D57-60D9-4161-A9E7-3A563B2ECD97}.Release|x86.ActiveCfg = Release|Win32
		{6B760D57-60D9-4161-A9E7-3A563B2ECD97}.Release|x86.Build.0 = Release|Win32
	EndGlobalSection
	GlobalSection(SolutionProperties) = preSolution
		HideSolutionNode = FALSE
	EndGlobalSection
	GlobalSection(ExtensibilityGlobals) = postSolution
		SolutionGuid = {618D5405-CDDE-48C6-9767-4C2B9DAC4E80}
	EndGlobalSection
EndGlobal
